// !$*UTF8*$!
{
	archiveVersion = 1;
	classes = {
	};
	objectVersion = 46;
	objects = {

/* Begin PBXBuildFile section */
		1E11C9471DDDAA1F00D55B28 /* NewsEntity.m in Sources */ = {isa = PBXBuildFile; fileRef = 1E11C9461DDDAA1F00D55B28 /* NewsEntity.m */; };
		1E11C94A1DDDE9E600D55B28 /* RealmDataManager.m in Sources */ = {isa = PBXBuildFile; fileRef = 1E11C9491DDDE9E600D55B28 /* RealmDataManager.m */; };
		1E2666921E127AD6001DF2A2 /* INSSearchBar.m in Sources */ = {isa = PBXBuildFile; fileRef = 1E2666911E127AD6001DF2A2 /* INSSearchBar.m */; };
		1E372F851DF94C7400362CC1 /* DateFormatterManager.m in Sources */ = {isa = PBXBuildFile; fileRef = 1E372F821DF94C7400362CC1 /* DateFormatterManager.m */; };
		1E372F861DF94C7400362CC1 /* SearchManager.m in Sources */ = {isa = PBXBuildFile; fileRef = 1E372F841DF94C7400362CC1 /* SearchManager.m */; };
		1E640B581E0A85FE00AA539C /* NSString+ZLStringSize.m in Sources */ = {isa = PBXBuildFile; fileRef = 1E640B341E0A85FC00AA539C /* NSString+ZLStringSize.m */; };
		1E640B591E0A85FE00AA539C /* MASCompositeConstraint.m in Sources */ = {isa = PBXBuildFile; fileRef = 1E640B381E0A85FC00AA539C /* MASCompositeConstraint.m */; };
		1E640B5A1E0A85FE00AA539C /* MASConstraint.m in Sources */ = {isa = PBXBuildFile; fileRef = 1E640B3B1E0A85FC00AA539C /* MASConstraint.m */; };
		1E640B5B1E0A85FE00AA539C /* MASConstraintMaker.m in Sources */ = {isa = PBXBuildFile; fileRef = 1E640B3D1E0A85FC00AA539C /* MASConstraintMaker.m */; };
		1E640B5C1E0A85FE00AA539C /* MASLayoutConstraint.m in Sources */ = {isa = PBXBuildFile; fileRef = 1E640B3F1E0A85FC00AA539C /* MASLayoutConstraint.m */; };
		1E640B5D1E0A85FE00AA539C /* MASViewAttribute.m in Sources */ = {isa = PBXBuildFile; fileRef = 1E640B431E0A85FC00AA539C /* MASViewAttribute.m */; };
		1E640B5E1E0A85FE00AA539C /* MASViewConstraint.m in Sources */ = {isa = PBXBuildFile; fileRef = 1E640B451E0A85FC00AA539C /* MASViewConstraint.m */; };
		1E640B5F1E0A85FE00AA539C /* NSArray+MASAdditions.m in Sources */ = {isa = PBXBuildFile; fileRef = 1E640B471E0A85FC00AA539C /* NSArray+MASAdditions.m */; };
		1E640B601E0A85FE00AA539C /* NSLayoutConstraint+MASDebugAdditions.m in Sources */ = {isa = PBXBuildFile; fileRef = 1E640B4A1E0A85FC00AA539C /* NSLayoutConstraint+MASDebugAdditions.m */; };
		1E640B611E0A85FE00AA539C /* View+MASAdditions.m in Sources */ = {isa = PBXBuildFile; fileRef = 1E640B4C1E0A85FC00AA539C /* View+MASAdditions.m */; };
		1E640B621E0A85FE00AA539C /* ViewController+MASAdditions.m in Sources */ = {isa = PBXBuildFile; fileRef = 1E640B4F1E0A85FC00AA539C /* ViewController+MASAdditions.m */; };
		1E640B631E0A85FE00AA539C /* ZLDropDownMenu.m in Sources */ = {isa = PBXBuildFile; fileRef = 1E640B511E0A85FC00AA539C /* ZLDropDownMenu.m */; };
		1E640B641E0A85FE00AA539C /* ZLDropDownMenuCollectionViewCell.m in Sources */ = {isa = PBXBuildFile; fileRef = 1E640B531E0A85FC00AA539C /* ZLDropDownMenuCollectionViewCell.m */; };
		1E640B651E0A85FE00AA539C /* ZLDropDownMenuTitleButton.m in Sources */ = {isa = PBXBuildFile; fileRef = 1E640B551E0A85FC00AA539C /* ZLDropDownMenuTitleButton.m */; };
		1E640B661E0A85FE00AA539C /* ZLDropDownMenuUICalc.m in Sources */ = {isa = PBXBuildFile; fileRef = 1E640B571E0A85FC00AA539C /* ZLDropDownMenuUICalc.m */; };
		1E7328F41D7813740027E46E /* main.m in Sources */ = {isa = PBXBuildFile; fileRef = 1E7328F31D7813740027E46E /* main.m */; };
		1E7328F71D7813740027E46E /* AppDelegate.m in Sources */ = {isa = PBXBuildFile; fileRef = 1E7328F61D7813740027E46E /* AppDelegate.m */; };
		1E7328FD1D7813740027E46E /* Main.storyboard in Resources */ = {isa = PBXBuildFile; fileRef = 1E7328FB1D7813740027E46E /* Main.storyboard */; };
		1E7329021D7813740027E46E /* Assets.xcassets in Resources */ = {isa = PBXBuildFile; fileRef = 1E7329011D7813740027E46E /* Assets.xcassets */; };
		1E7329051D7813740027E46E /* LaunchScreen.storyboard in Resources */ = {isa = PBXBuildFile; fileRef = 1E7329031D7813740027E46E /* LaunchScreen.storyboard */; };
		1E7329101D7813750027E46E /* KinopoiskParserObjTests.m in Sources */ = {isa = PBXBuildFile; fileRef = 1E73290F1D7813750027E46E /* KinopoiskParserObjTests.m */; };
		1E73291B1D7813750027E46E /* KinopoiskParserObjUITests.m in Sources */ = {isa = PBXBuildFile; fileRef = 1E73291A1D7813750027E46E /* KinopoiskParserObjUITests.m */; };
		1E73292B1D7813B50027E46E /* Constants.m in Sources */ = {isa = PBXBuildFile; fileRef = 1E73292A1D7813B50027E46E /* Constants.m */; };
		1E7329301D7814620027E46E /* NewsTableView.m in Sources */ = {isa = PBXBuildFile; fileRef = 1E73292F1D7814620027E46E /* NewsTableView.m */; };
		1E7329361D7814C00027E46E /* NewsTableViewCell.m in Sources */ = {isa = PBXBuildFile; fileRef = 1E7329351D7814C00027E46E /* NewsTableViewCell.m */; };
		1E7329441D781E980027E46E /* XMLParser.m in Sources */ = {isa = PBXBuildFile; fileRef = 1E7329431D781E980027E46E /* XMLParser.m */; };
		1E7329471D7836400027E46E /* ParserManager.m in Sources */ = {isa = PBXBuildFile; fileRef = 1E7329461D7836400027E46E /* ParserManager.m */; };
		1E73294F1D7843310027E46E /* RemoteFacade.m in Sources */ = {isa = PBXBuildFile; fileRef = 1E73294E1D7843310027E46E /* RemoteFacade.m */; };
		1E7329521D7845210027E46E /* DataManager.m in Sources */ = {isa = PBXBuildFile; fileRef = 1E7329511D7845210027E46E /* DataManager.m */; };
		1E7329551D7848530027E46E /* DetailsViewController.m in Sources */ = {isa = PBXBuildFile; fileRef = 1E7329541D7848530027E46E /* DetailsViewController.m */; };
		1EFD659D1E13C80000F5BA4D /* DetailsOfflineVCViewController.m in Sources */ = {isa = PBXBuildFile; fileRef = 1EFD659C1E13C80000F5BA4D /* DetailsOfflineVCViewController.m */; };
		1EFD65A41E13EABE00F5BA4D /* SettingsVC.m in Sources */ = {isa = PBXBuildFile; fileRef = 1EFD65A31E13EABE00F5BA4D /* SettingsVC.m */; };
		1EFD65A81E13EE4300F5BA4D /* SettingsOfflineCell.m in Sources */ = {isa = PBXBuildFile; fileRef = 1EFD65A71E13EE4300F5BA4D /* SettingsOfflineCell.m */; };
		3D499CCAEC00E7C593490045 /* libPods-KinopoiskParserObj.a in Frameworks */ = {isa = PBXBuildFile; fileRef = FF0EC11EF02CB57D6640E485 /* libPods-KinopoiskParserObj.a */; };
		843B7B561DF35E27001532A4 /* RootViewController.m in Sources */ = {isa = PBXBuildFile; fileRef = 843B7B551DF35E27001532A4 /* RootViewController.m */; };
		844A9FD21DF0EE2B00917832 /* MenuViewController.m in Sources */ = {isa = PBXBuildFile; fileRef = 844A9FD11DF0EE2A00917832 /* MenuViewController.m */; };
		84702F881DF8887C005CE945 /* Localizable.strings in Resources */ = {isa = PBXBuildFile; fileRef = 84702F8A1DF8887C005CE945 /* Localizable.strings */; };
/* End PBXBuildFile section */

/* Begin PBXContainerItemProxy section */
		1E73290C1D7813750027E46E /* PBXContainerItemProxy */ = {
			isa = PBXContainerItemProxy;
			containerPortal = 1E7328E71D7813740027E46E /* Project object */;
			proxyType = 1;
			remoteGlobalIDString = 1E7328EE1D7813740027E46E;
			remoteInfo = KinopoiskParserObj;
		};
		1E7329171D7813750027E46E /* PBXContainerItemProxy */ = {
			isa = PBXContainerItemProxy;
			containerPortal = 1E7328E71D7813740027E46E /* Project object */;
			proxyType = 1;
			remoteGlobalIDString = 1E7328EE1D7813740027E46E;
			remoteInfo = KinopoiskParserObj;
		};
/* End PBXContainerItemProxy section */

/* Begin PBXCopyFilesBuildPhase section */
		1E11C9431DDDA10200D55B28 /* Embed Frameworks */ = {
			isa = PBXCopyFilesBuildPhase;
			buildActionMask = 2147483647;
			dstPath = "";
			dstSubfolderSpec = 10;
			files = (
			);
			name = "Embed Frameworks";
			runOnlyForDeploymentPostprocessing = 0;
		};
/* End PBXCopyFilesBuildPhase section */

/* Begin PBXFileReference section */
		1E11C9451DDDAA1F00D55B28 /* NewsEntity.h */ = {isa = PBXFileReference; fileEncoding = 4; lastKnownFileType = sourcecode.c.h; path = NewsEntity.h; sourceTree = "<group>"; };
		1E11C9461DDDAA1F00D55B28 /* NewsEntity.m */ = {isa = PBXFileReference; fileEncoding = 4; lastKnownFileType = sourcecode.c.objc; path = NewsEntity.m; sourceTree = "<group>"; };
		1E11C9481DDDE9E600D55B28 /* RealmDataManager.h */ = {isa = PBXFileReference; fileEncoding = 4; lastKnownFileType = sourcecode.c.h; path = RealmDataManager.h; sourceTree = "<group>"; };
		1E11C9491DDDE9E600D55B28 /* RealmDataManager.m */ = {isa = PBXFileReference; fileEncoding = 4; lastKnownFileType = sourcecode.c.objc; path = RealmDataManager.m; sourceTree = "<group>"; };
		1E1D3A9E1DE47D9F00D6C00C /* Macros.h */ = {isa = PBXFileReference; fileEncoding = 4; lastKnownFileType = sourcecode.c.h; path = Macros.h; sourceTree = "<group>"; };
		1E2666901E127AD6001DF2A2 /* INSSearchBar.h */ = {isa = PBXFileReference; fileEncoding = 4; lastKnownFileType = sourcecode.c.h; path = INSSearchBar.h; sourceTree = "<group>"; };
		1E2666911E127AD6001DF2A2 /* INSSearchBar.m */ = {isa = PBXFileReference; fileEncoding = 4; lastKnownFileType = sourcecode.c.objc; path = INSSearchBar.m; sourceTree = "<group>"; };
		1E372F811DF94C7400362CC1 /* DateFormatterManager.h */ = {isa = PBXFileReference; fileEncoding = 4; lastKnownFileType = sourcecode.c.h; path = DateFormatterManager.h; sourceTree = "<group>"; };
		1E372F821DF94C7400362CC1 /* DateFormatterManager.m */ = {isa = PBXFileReference; fileEncoding = 4; lastKnownFileType = sourcecode.c.objc; path = DateFormatterManager.m; sourceTree = "<group>"; };
		1E372F831DF94C7400362CC1 /* SearchManager.h */ = {isa = PBXFileReference; fileEncoding = 4; lastKnownFileType = sourcecode.c.h; path = SearchManager.h; sourceTree = "<group>"; };
		1E372F841DF94C7400362CC1 /* SearchManager.m */ = {isa = PBXFileReference; fileEncoding = 4; lastKnownFileType = sourcecode.c.objc; path = SearchManager.m; sourceTree = "<group>"; };
		1E640B331E0A85FC00AA539C /* NSString+ZLStringSize.h */ = {isa = PBXFileReference; fileEncoding = 4; lastKnownFileType = sourcecode.c.h; path = "NSString+ZLStringSize.h"; sourceTree = "<group>"; };
		1E640B341E0A85FC00AA539C /* NSString+ZLStringSize.m */ = {isa = PBXFileReference; fileEncoding = 4; lastKnownFileType = sourcecode.c.objc; path = "NSString+ZLStringSize.m"; sourceTree = "<group>"; };
		1E640B371E0A85FC00AA539C /* MASCompositeConstraint.h */ = {isa = PBXFileReference; fileEncoding = 4; lastKnownFileType = sourcecode.c.h; path = MASCompositeConstraint.h; sourceTree = "<group>"; };
		1E640B381E0A85FC00AA539C /* MASCompositeConstraint.m */ = {isa = PBXFileReference; fileEncoding = 4; lastKnownFileType = sourcecode.c.objc; path = MASCompositeConstraint.m; sourceTree = "<group>"; };
		1E640B391E0A85FC00AA539C /* MASConstraint+Private.h */ = {isa = PBXFileReference; fileEncoding = 4; lastKnownFileType = sourcecode.c.h; path = "MASConstraint+Private.h"; sourceTree = "<group>"; };
		1E640B3A1E0A85FC00AA539C /* MASConstraint.h */ = {isa = PBXFileReference; fileEncoding = 4; lastKnownFileType = sourcecode.c.h; path = MASConstraint.h; sourceTree = "<group>"; };
		1E640B3B1E0A85FC00AA539C /* MASConstraint.m */ = {isa = PBXFileReference; fileEncoding = 4; lastKnownFileType = sourcecode.c.objc; path = MASConstraint.m; sourceTree = "<group>"; };
		1E640B3C1E0A85FC00AA539C /* MASConstraintMaker.h */ = {isa = PBXFileReference; fileEncoding = 4; lastKnownFileType = sourcecode.c.h; path = MASConstraintMaker.h; sourceTree = "<group>"; };
		1E640B3D1E0A85FC00AA539C /* MASConstraintMaker.m */ = {isa = PBXFileReference; fileEncoding = 4; lastKnownFileType = sourcecode.c.objc; path = MASConstraintMaker.m; sourceTree = "<group>"; };
		1E640B3E1E0A85FC00AA539C /* MASLayoutConstraint.h */ = {isa = PBXFileReference; fileEncoding = 4; lastKnownFileType = sourcecode.c.h; path = MASLayoutConstraint.h; sourceTree = "<group>"; };
		1E640B3F1E0A85FC00AA539C /* MASLayoutConstraint.m */ = {isa = PBXFileReference; fileEncoding = 4; lastKnownFileType = sourcecode.c.objc; path = MASLayoutConstraint.m; sourceTree = "<group>"; };
		1E640B401E0A85FC00AA539C /* Masonry.h */ = {isa = PBXFileReference; fileEncoding = 4; lastKnownFileType = sourcecode.c.h; path = Masonry.h; sourceTree = "<group>"; };
		1E640B411E0A85FC00AA539C /* MASUtilities.h */ = {isa = PBXFileReference; fileEncoding = 4; lastKnownFileType = sourcecode.c.h; path = MASUtilities.h; sourceTree = "<group>"; };
		1E640B421E0A85FC00AA539C /* MASViewAttribute.h */ = {isa = PBXFileReference; fileEncoding = 4; lastKnownFileType = sourcecode.c.h; path = MASViewAttribute.h; sourceTree = "<group>"; };
		1E640B431E0A85FC00AA539C /* MASViewAttribute.m */ = {isa = PBXFileReference; fileEncoding = 4; lastKnownFileType = sourcecode.c.objc; path = MASViewAttribute.m; sourceTree = "<group>"; };
		1E640B441E0A85FC00AA539C /* MASViewConstraint.h */ = {isa = PBXFileReference; fileEncoding = 4; lastKnownFileType = sourcecode.c.h; path = MASViewConstraint.h; sourceTree = "<group>"; };
		1E640B451E0A85FC00AA539C /* MASViewConstraint.m */ = {isa = PBXFileReference; fileEncoding = 4; lastKnownFileType = sourcecode.c.objc; path = MASViewConstraint.m; sourceTree = "<group>"; };
		1E640B461E0A85FC00AA539C /* NSArray+MASAdditions.h */ = {isa = PBXFileReference; fileEncoding = 4; lastKnownFileType = sourcecode.c.h; path = "NSArray+MASAdditions.h"; sourceTree = "<group>"; };
		1E640B471E0A85FC00AA539C /* NSArray+MASAdditions.m */ = {isa = PBXFileReference; fileEncoding = 4; lastKnownFileType = sourcecode.c.objc; path = "NSArray+MASAdditions.m"; sourceTree = "<group>"; };
		1E640B481E0A85FC00AA539C /* NSArray+MASShorthandAdditions.h */ = {isa = PBXFileReference; fileEncoding = 4; lastKnownFileType = sourcecode.c.h; path = "NSArray+MASShorthandAdditions.h"; sourceTree = "<group>"; };
		1E640B491E0A85FC00AA539C /* NSLayoutConstraint+MASDebugAdditions.h */ = {isa = PBXFileReference; fileEncoding = 4; lastKnownFileType = sourcecode.c.h; path = "NSLayoutConstraint+MASDebugAdditions.h"; sourceTree = "<group>"; };
		1E640B4A1E0A85FC00AA539C /* NSLayoutConstraint+MASDebugAdditions.m */ = {isa = PBXFileReference; fileEncoding = 4; lastKnownFileType = sourcecode.c.objc; path = "NSLayoutConstraint+MASDebugAdditions.m"; sourceTree = "<group>"; };
		1E640B4B1E0A85FC00AA539C /* View+MASAdditions.h */ = {isa = PBXFileReference; fileEncoding = 4; lastKnownFileType = sourcecode.c.h; path = "View+MASAdditions.h"; sourceTree = "<group>"; };
		1E640B4C1E0A85FC00AA539C /* View+MASAdditions.m */ = {isa = PBXFileReference; fileEncoding = 4; lastKnownFileType = sourcecode.c.objc; path = "View+MASAdditions.m"; sourceTree = "<group>"; };
		1E640B4D1E0A85FC00AA539C /* View+MASShorthandAdditions.h */ = {isa = PBXFileReference; fileEncoding = 4; lastKnownFileType = sourcecode.c.h; path = "View+MASShorthandAdditions.h"; sourceTree = "<group>"; };
		1E640B4E1E0A85FC00AA539C /* ViewController+MASAdditions.h */ = {isa = PBXFileReference; fileEncoding = 4; lastKnownFileType = sourcecode.c.h; path = "ViewController+MASAdditions.h"; sourceTree = "<group>"; };
		1E640B4F1E0A85FC00AA539C /* ViewController+MASAdditions.m */ = {isa = PBXFileReference; fileEncoding = 4; lastKnownFileType = sourcecode.c.objc; path = "ViewController+MASAdditions.m"; sourceTree = "<group>"; };
		1E640B501E0A85FC00AA539C /* ZLDropDownMenu.h */ = {isa = PBXFileReference; fileEncoding = 4; lastKnownFileType = sourcecode.c.h; path = ZLDropDownMenu.h; sourceTree = "<group>"; };
		1E640B511E0A85FC00AA539C /* ZLDropDownMenu.m */ = {isa = PBXFileReference; fileEncoding = 4; lastKnownFileType = sourcecode.c.objc; path = ZLDropDownMenu.m; sourceTree = "<group>"; };
		1E640B521E0A85FC00AA539C /* ZLDropDownMenuCollectionViewCell.h */ = {isa = PBXFileReference; fileEncoding = 4; lastKnownFileType = sourcecode.c.h; path = ZLDropDownMenuCollectionViewCell.h; sourceTree = "<group>"; };
		1E640B531E0A85FC00AA539C /* ZLDropDownMenuCollectionViewCell.m */ = {isa = PBXFileReference; fileEncoding = 4; lastKnownFileType = sourcecode.c.objc; path = ZLDropDownMenuCollectionViewCell.m; sourceTree = "<group>"; };
		1E640B541E0A85FC00AA539C /* ZLDropDownMenuTitleButton.h */ = {isa = PBXFileReference; fileEncoding = 4; lastKnownFileType = sourcecode.c.h; path = ZLDropDownMenuTitleButton.h; sourceTree = "<group>"; };
		1E640B551E0A85FC00AA539C /* ZLDropDownMenuTitleButton.m */ = {isa = PBXFileReference; fileEncoding = 4; lastKnownFileType = sourcecode.c.objc; path = ZLDropDownMenuTitleButton.m; sourceTree = "<group>"; };
		1E640B561E0A85FC00AA539C /* ZLDropDownMenuUICalc.h */ = {isa = PBXFileReference; fileEncoding = 4; lastKnownFileType = sourcecode.c.h; path = ZLDropDownMenuUICalc.h; sourceTree = "<group>"; };
		1E640B571E0A85FC00AA539C /* ZLDropDownMenuUICalc.m */ = {isa = PBXFileReference; fileEncoding = 4; lastKnownFileType = sourcecode.c.objc; path = ZLDropDownMenuUICalc.m; sourceTree = "<group>"; };
		1E7328EF1D7813740027E46E /* KinopoiskParserObj.app */ = {isa = PBXFileReference; explicitFileType = wrapper.application; includeInIndex = 0; path = KinopoiskParserObj.app; sourceTree = BUILT_PRODUCTS_DIR; };
		1E7328F31D7813740027E46E /* main.m */ = {isa = PBXFileReference; lastKnownFileType = sourcecode.c.objc; path = main.m; sourceTree = "<group>"; };
		1E7328F51D7813740027E46E /* AppDelegate.h */ = {isa = PBXFileReference; lastKnownFileType = sourcecode.c.h; path = AppDelegate.h; sourceTree = "<group>"; };
		1E7328F61D7813740027E46E /* AppDelegate.m */ = {isa = PBXFileReference; lastKnownFileType = sourcecode.c.objc; path = AppDelegate.m; sourceTree = "<group>"; };
		1E7328FC1D7813740027E46E /* Base */ = {isa = PBXFileReference; lastKnownFileType = file.storyboard; name = Base; path = Base.lproj/Main.storyboard; sourceTree = "<group>"; };
		1E7329011D7813740027E46E /* Assets.xcassets */ = {isa = PBXFileReference; lastKnownFileType = folder.assetcatalog; path = Assets.xcassets; sourceTree = "<group>"; };
		1E7329041D7813740027E46E /* Base */ = {isa = PBXFileReference; lastKnownFileType = file.storyboard; name = Base; path = Base.lproj/LaunchScreen.storyboard; sourceTree = "<group>"; };
		1E7329061D7813740027E46E /* Info.plist */ = {isa = PBXFileReference; lastKnownFileType = text.plist.xml; path = Info.plist; sourceTree = "<group>"; };
		1E73290B1D7813750027E46E /* KinopoiskParserObjTests.xctest */ = {isa = PBXFileReference; explicitFileType = wrapper.cfbundle; includeInIndex = 0; path = KinopoiskParserObjTests.xctest; sourceTree = BUILT_PRODUCTS_DIR; };
		1E73290F1D7813750027E46E /* KinopoiskParserObjTests.m */ = {isa = PBXFileReference; lastKnownFileType = sourcecode.c.objc; path = KinopoiskParserObjTests.m; sourceTree = "<group>"; };
		1E7329111D7813750027E46E /* Info.plist */ = {isa = PBXFileReference; lastKnownFileType = text.plist.xml; path = Info.plist; sourceTree = "<group>"; };
		1E7329161D7813750027E46E /* KinopoiskParserObjUITests.xctest */ = {isa = PBXFileReference; explicitFileType = wrapper.cfbundle; includeInIndex = 0; path = KinopoiskParserObjUITests.xctest; sourceTree = BUILT_PRODUCTS_DIR; };
		1E73291A1D7813750027E46E /* KinopoiskParserObjUITests.m */ = {isa = PBXFileReference; lastKnownFileType = sourcecode.c.objc; path = KinopoiskParserObjUITests.m; sourceTree = "<group>"; };
		1E73291C1D7813750027E46E /* Info.plist */ = {isa = PBXFileReference; lastKnownFileType = text.plist.xml; path = Info.plist; sourceTree = "<group>"; };
		1E7329291D7813B50027E46E /* Constants.h */ = {isa = PBXFileReference; fileEncoding = 4; lastKnownFileType = sourcecode.c.h; path = Constants.h; sourceTree = "<group>"; };
		1E73292A1D7813B50027E46E /* Constants.m */ = {isa = PBXFileReference; fileEncoding = 4; lastKnownFileType = sourcecode.c.objc; path = Constants.m; sourceTree = "<group>"; };
		1E73292E1D7814620027E46E /* NewsTableView.h */ = {isa = PBXFileReference; fileEncoding = 4; lastKnownFileType = sourcecode.c.h; path = NewsTableView.h; sourceTree = "<group>"; };
		1E73292F1D7814620027E46E /* NewsTableView.m */ = {isa = PBXFileReference; fileEncoding = 4; lastKnownFileType = sourcecode.c.objc; path = NewsTableView.m; sourceTree = "<group>"; };
		1E7329341D7814C00027E46E /* NewsTableViewCell.h */ = {isa = PBXFileReference; fileEncoding = 4; lastKnownFileType = sourcecode.c.h; path = NewsTableViewCell.h; sourceTree = "<group>"; };
		1E7329351D7814C00027E46E /* NewsTableViewCell.m */ = {isa = PBXFileReference; fileEncoding = 4; lastKnownFileType = sourcecode.c.objc; path = NewsTableViewCell.m; sourceTree = "<group>"; };
		1E7329421D781E980027E46E /* XMLParser.h */ = {isa = PBXFileReference; fileEncoding = 4; lastKnownFileType = sourcecode.c.h; path = XMLParser.h; sourceTree = "<group>"; };
		1E7329431D781E980027E46E /* XMLParser.m */ = {isa = PBXFileReference; fileEncoding = 4; lastKnownFileType = sourcecode.c.objc; path = XMLParser.m; sourceTree = "<group>"; };
		1E7329451D7836400027E46E /* ParserManager.h */ = {isa = PBXFileReference; fileEncoding = 4; lastKnownFileType = sourcecode.c.h; path = ParserManager.h; sourceTree = "<group>"; };
		1E7329461D7836400027E46E /* ParserManager.m */ = {isa = PBXFileReference; fileEncoding = 4; lastKnownFileType = sourcecode.c.objc; path = ParserManager.m; sourceTree = "<group>"; };
		1E73294D1D7843310027E46E /* RemoteFacade.h */ = {isa = PBXFileReference; fileEncoding = 4; lastKnownFileType = sourcecode.c.h; path = RemoteFacade.h; sourceTree = "<group>"; };
		1E73294E1D7843310027E46E /* RemoteFacade.m */ = {isa = PBXFileReference; fileEncoding = 4; lastKnownFileType = sourcecode.c.objc; path = RemoteFacade.m; sourceTree = "<group>"; };
		1E7329501D7845210027E46E /* DataManager.h */ = {isa = PBXFileReference; fileEncoding = 4; lastKnownFileType = sourcecode.c.h; path = DataManager.h; sourceTree = "<group>"; };
		1E7329511D7845210027E46E /* DataManager.m */ = {isa = PBXFileReference; fileEncoding = 4; lastKnownFileType = sourcecode.c.objc; path = DataManager.m; sourceTree = "<group>"; };
		1E7329531D7848530027E46E /* DetailsViewController.h */ = {isa = PBXFileReference; fileEncoding = 4; lastKnownFileType = sourcecode.c.h; name = DetailsViewController.h; path = KinopoiskParserObj/ViewControllers/Details/DetailsViewController.h; sourceTree = SOURCE_ROOT; };
		1E7329541D7848530027E46E /* DetailsViewController.m */ = {isa = PBXFileReference; fileEncoding = 4; lastKnownFileType = sourcecode.c.objc; name = DetailsViewController.m; path = KinopoiskParserObj/ViewControllers/Details/DetailsViewController.m; sourceTree = SOURCE_ROOT; };
		1EFD659B1E13C80000F5BA4D /* DetailsOfflineVCViewController.h */ = {isa = PBXFileReference; fileEncoding = 4; lastKnownFileType = sourcecode.c.h; name = DetailsOfflineVCViewController.h; path = KinopoiskParserObj/ViewControllers/Details/DetailsOfflineVCViewController.h; sourceTree = SOURCE_ROOT; };
		1EFD659C1E13C80000F5BA4D /* DetailsOfflineVCViewController.m */ = {isa = PBXFileReference; fileEncoding = 4; lastKnownFileType = sourcecode.c.objc; name = DetailsOfflineVCViewController.m; path = KinopoiskParserObj/ViewControllers/Details/DetailsOfflineVCViewController.m; sourceTree = SOURCE_ROOT; };
		1EFD65A21E13EABE00F5BA4D /* SettingsVC.h */ = {isa = PBXFileReference; fileEncoding = 4; lastKnownFileType = sourcecode.c.h; path = SettingsVC.h; sourceTree = "<group>"; };
		1EFD65A31E13EABE00F5BA4D /* SettingsVC.m */ = {isa = PBXFileReference; fileEncoding = 4; lastKnownFileType = sourcecode.c.objc; path = SettingsVC.m; sourceTree = "<group>"; };
		1EFD65A61E13EE4300F5BA4D /* SettingsOfflineCell.h */ = {isa = PBXFileReference; fileEncoding = 4; lastKnownFileType = sourcecode.c.h; path = SettingsOfflineCell.h; sourceTree = "<group>"; };
		1EFD65A71E13EE4300F5BA4D /* SettingsOfflineCell.m */ = {isa = PBXFileReference; fileEncoding = 4; lastKnownFileType = sourcecode.c.objc; path = SettingsOfflineCell.m; sourceTree = "<group>"; };
		1EFD65AA1E13EEFF00F5BA4D /* SettingsCellDelegate.h */ = {isa = PBXFileReference; fileEncoding = 4; lastKnownFileType = sourcecode.c.h; path = SettingsCellDelegate.h; sourceTree = "<group>"; };
		336B6CDD81FCEE97E5F4E57B /* Pods-KinopoiskParserObj.release.xcconfig */ = {isa = PBXFileReference; includeInIndex = 1; lastKnownFileType = text.xcconfig; name = "Pods-KinopoiskParserObj.release.xcconfig"; path = "Pods/Target Support Files/Pods-KinopoiskParserObj/Pods-KinopoiskParserObj.release.xcconfig"; sourceTree = "<group>"; };
		843B7B541DF35E27001532A4 /* RootViewController.h */ = {isa = PBXFileReference; fileEncoding = 4; lastKnownFileType = sourcecode.c.h; path = RootViewController.h; sourceTree = "<group>"; };
		843B7B551DF35E27001532A4 /* RootViewController.m */ = {isa = PBXFileReference; fileEncoding = 4; lastKnownFileType = sourcecode.c.objc; path = RootViewController.m; sourceTree = "<group>"; };
		844A9FD01DF0EE2A00917832 /* MenuViewController.h */ = {isa = PBXFileReference; fileEncoding = 4; lastKnownFileType = sourcecode.c.h; path = MenuViewController.h; sourceTree = "<group>"; };
		844A9FD11DF0EE2A00917832 /* MenuViewController.m */ = {isa = PBXFileReference; fileEncoding = 4; lastKnownFileType = sourcecode.c.objc; path = MenuViewController.m; sourceTree = "<group>"; };
		84702F891DF8887C005CE945 /* Base */ = {isa = PBXFileReference; lastKnownFileType = text.plist.strings; name = Base; path = Base.lproj/Localizable.strings; sourceTree = "<group>"; };
		84702F8B1DF8888D005CE945 /* en */ = {isa = PBXFileReference; lastKnownFileType = text.plist.strings; name = en; path = en.lproj/Localizable.strings; sourceTree = "<group>"; };
		84702F8C1DF8888F005CE945 /* ru */ = {isa = PBXFileReference; lastKnownFileType = text.plist.strings; name = ru; path = ru.lproj/Localizable.strings; sourceTree = "<group>"; };
		84702F911DF88B5A005CE945 /* ru */ = {isa = PBXFileReference; lastKnownFileType = text.plist.strings; name = ru; path = ru.lproj/Main.strings; sourceTree = "<group>"; };
		84702F931DF88B6C005CE945 /* en */ = {isa = PBXFileReference; lastKnownFileType = text.plist.strings; name = en; path = en.lproj/Main.strings; sourceTree = "<group>"; };
		84702F941DF88BB8005CE945 /* en */ = {isa = PBXFileReference; lastKnownFileType = text.plist.strings; name = en; path = en.lproj/LaunchScreen.strings; sourceTree = "<group>"; };
		84702F951DF88BC5005CE945 /* ru */ = {isa = PBXFileReference; lastKnownFileType = text.plist.strings; name = ru; path = ru.lproj/LaunchScreen.strings; sourceTree = "<group>"; };
		8B1146B5C66D8993D8AAB349 /* Pods-KinopoiskParserObj.debug.xcconfig */ = {isa = PBXFileReference; includeInIndex = 1; lastKnownFileType = text.xcconfig; name = "Pods-KinopoiskParserObj.debug.xcconfig"; path = "Pods/Target Support Files/Pods-KinopoiskParserObj/Pods-KinopoiskParserObj.debug.xcconfig"; sourceTree = "<group>"; };
		FF0EC11EF02CB57D6640E485 /* libPods-KinopoiskParserObj.a */ = {isa = PBXFileReference; explicitFileType = archive.ar; includeInIndex = 0; path = "libPods-KinopoiskParserObj.a"; sourceTree = BUILT_PRODUCTS_DIR; };
/* End PBXFileReference section */

/* Begin PBXFrameworksBuildPhase section */
		1E7328EC1D7813740027E46E /* Frameworks */ = {
			isa = PBXFrameworksBuildPhase;
			buildActionMask = 2147483647;
			files = (
				3D499CCAEC00E7C593490045 /* libPods-KinopoiskParserObj.a in Frameworks */,
			);
			runOnlyForDeploymentPostprocessing = 0;
		};
		1E7329081D7813750027E46E /* Frameworks */ = {
			isa = PBXFrameworksBuildPhase;
			buildActionMask = 2147483647;
			files = (
			);
			runOnlyForDeploymentPostprocessing = 0;
		};
		1E7329131D7813750027E46E /* Frameworks */ = {
			isa = PBXFrameworksBuildPhase;
			buildActionMask = 2147483647;
			files = (
			);
			runOnlyForDeploymentPostprocessing = 0;
		};
/* End PBXFrameworksBuildPhase section */

/* Begin PBXGroup section */
		1E11C93D1DDD9E4C00D55B28 /* Frameworks */ = {
			isa = PBXGroup;
			children = (
				1E26668F1E127AC3001DF2A2 /* CustomSearchBar */,
				1E640B311E0A85FC00AA539C /* ZLDropDownMenu */,
				FF0EC11EF02CB57D6640E485 /* libPods-KinopoiskParserObj.a */,
			);
			name = Frameworks;
			path = KinopoiskParserObj/Frameworks;
			sourceTree = "<group>";
		};
		1E26668F1E127AC3001DF2A2 /* CustomSearchBar */ = {
			isa = PBXGroup;
			children = (
				1E2666901E127AD6001DF2A2 /* INSSearchBar.h */,
				1E2666911E127AD6001DF2A2 /* INSSearchBar.m */,
			);
			path = CustomSearchBar;
			sourceTree = "<group>";
		};
		1E372F801DF94B8400362CC1 /* XML */ = {
			isa = PBXGroup;
			children = (
				1E7329421D781E980027E46E /* XMLParser.h */,
				1E7329431D781E980027E46E /* XMLParser.m */,
				1E7329451D7836400027E46E /* ParserManager.h */,
				1E7329461D7836400027E46E /* ParserManager.m */,
			);
			name = XML;
			path = Model/XML;
			sourceTree = "<group>";
		};
		1E640B311E0A85FC00AA539C /* ZLDropDownMenu */ = {
			isa = PBXGroup;
			children = (
				1E640B321E0A85FC00AA539C /* Categories */,
				1E640B351E0A85FC00AA539C /* Utils */,
				1E640B501E0A85FC00AA539C /* ZLDropDownMenu.h */,
				1E640B511E0A85FC00AA539C /* ZLDropDownMenu.m */,
				1E640B521E0A85FC00AA539C /* ZLDropDownMenuCollectionViewCell.h */,
				1E640B531E0A85FC00AA539C /* ZLDropDownMenuCollectionViewCell.m */,
				1E640B541E0A85FC00AA539C /* ZLDropDownMenuTitleButton.h */,
				1E640B551E0A85FC00AA539C /* ZLDropDownMenuTitleButton.m */,
				1E640B561E0A85FC00AA539C /* ZLDropDownMenuUICalc.h */,
				1E640B571E0A85FC00AA539C /* ZLDropDownMenuUICalc.m */,
			);
			path = ZLDropDownMenu;
			sourceTree = "<group>";
		};
		1E640B321E0A85FC00AA539C /* Categories */ = {
			isa = PBXGroup;
			children = (
				1E640B331E0A85FC00AA539C /* NSString+ZLStringSize.h */,
				1E640B341E0A85FC00AA539C /* NSString+ZLStringSize.m */,
			);
			path = Categories;
			sourceTree = "<group>";
		};
		1E640B351E0A85FC00AA539C /* Utils */ = {
			isa = PBXGroup;
			children = (
				1E640B361E0A85FC00AA539C /* Masonry */,
			);
			path = Utils;
			sourceTree = "<group>";
		};
		1E640B361E0A85FC00AA539C /* Masonry */ = {
			isa = PBXGroup;
			children = (
				1E640B371E0A85FC00AA539C /* MASCompositeConstraint.h */,
				1E640B381E0A85FC00AA539C /* MASCompositeConstraint.m */,
				1E640B391E0A85FC00AA539C /* MASConstraint+Private.h */,
				1E640B3A1E0A85FC00AA539C /* MASConstraint.h */,
				1E640B3B1E0A85FC00AA539C /* MASConstraint.m */,
				1E640B3C1E0A85FC00AA539C /* MASConstraintMaker.h */,
				1E640B3D1E0A85FC00AA539C /* MASConstraintMaker.m */,
				1E640B3E1E0A85FC00AA539C /* MASLayoutConstraint.h */,
				1E640B3F1E0A85FC00AA539C /* MASLayoutConstraint.m */,
				1E640B401E0A85FC00AA539C /* Masonry.h */,
				1E640B411E0A85FC00AA539C /* MASUtilities.h */,
				1E640B421E0A85FC00AA539C /* MASViewAttribute.h */,
				1E640B431E0A85FC00AA539C /* MASViewAttribute.m */,
				1E640B441E0A85FC00AA539C /* MASViewConstraint.h */,
				1E640B451E0A85FC00AA539C /* MASViewConstraint.m */,
				1E640B461E0A85FC00AA539C /* NSArray+MASAdditions.h */,
				1E640B471E0A85FC00AA539C /* NSArray+MASAdditions.m */,
				1E640B481E0A85FC00AA539C /* NSArray+MASShorthandAdditions.h */,
				1E640B491E0A85FC00AA539C /* NSLayoutConstraint+MASDebugAdditions.h */,
				1E640B4A1E0A85FC00AA539C /* NSLayoutConstraint+MASDebugAdditions.m */,
				1E640B4B1E0A85FC00AA539C /* View+MASAdditions.h */,
				1E640B4C1E0A85FC00AA539C /* View+MASAdditions.m */,
				1E640B4D1E0A85FC00AA539C /* View+MASShorthandAdditions.h */,
				1E640B4E1E0A85FC00AA539C /* ViewController+MASAdditions.h */,
				1E640B4F1E0A85FC00AA539C /* ViewController+MASAdditions.m */,
			);
			path = Masonry;
			sourceTree = "<group>";
		};
		1E7328E61D7813740027E46E = {
			isa = PBXGroup;
			children = (
				1E11C93D1DDD9E4C00D55B28 /* Frameworks */,
				1E7328F11D7813740027E46E /* KinopoiskParserObj */,
				1E73290E1D7813750027E46E /* KinopoiskParserObjTests */,
				1E7329191D7813750027E46E /* KinopoiskParserObjUITests */,
				1E7328F01D7813740027E46E /* Products */,
				63BC8B2900C89A3FD674B9BB /* Pods */,
			);
			sourceTree = "<group>";
		};
		1E7328F01D7813740027E46E /* Products */ = {
			isa = PBXGroup;
			children = (
				1E7328EF1D7813740027E46E /* KinopoiskParserObj.app */,
				1E73290B1D7813750027E46E /* KinopoiskParserObjTests.xctest */,
				1E7329161D7813750027E46E /* KinopoiskParserObjUITests.xctest */,
			);
			name = Products;
			sourceTree = "<group>";
		};
		1E7328F11D7813740027E46E /* KinopoiskParserObj */ = {
			isa = PBXGroup;
			children = (
				1E73292D1D7814340027E46E /* Model */,
				1E73292C1D78142D0027E46E /* ViewControllers */,
				1E7329281D7813890027E46E /* Util */,
				1E7328F51D7813740027E46E /* AppDelegate.h */,
				1E7328F61D7813740027E46E /* AppDelegate.m */,
				1E7328FB1D7813740027E46E /* Main.storyboard */,
				1E7329011D7813740027E46E /* Assets.xcassets */,
				84702F8A1DF8887C005CE945 /* Localizable.strings */,
				1E7329031D7813740027E46E /* LaunchScreen.storyboard */,
				1E7329061D7813740027E46E /* Info.plist */,
				1E7328F21D7813740027E46E /* Supporting Files */,
			);
			path = KinopoiskParserObj;
			sourceTree = "<group>";
		};
		1E7328F21D7813740027E46E /* Supporting Files */ = {
			isa = PBXGroup;
			children = (
				1E7328F31D7813740027E46E /* main.m */,
			);
			name = "Supporting Files";
			sourceTree = "<group>";
		};
		1E73290E1D7813750027E46E /* KinopoiskParserObjTests */ = {
			isa = PBXGroup;
			children = (
				1E73290F1D7813750027E46E /* KinopoiskParserObjTests.m */,
				1E7329111D7813750027E46E /* Info.plist */,
			);
			path = KinopoiskParserObjTests;
			sourceTree = "<group>";
		};
		1E7329191D7813750027E46E /* KinopoiskParserObjUITests */ = {
			isa = PBXGroup;
			children = (
				1E73291A1D7813750027E46E /* KinopoiskParserObjUITests.m */,
				1E73291C1D7813750027E46E /* Info.plist */,
			);
			path = KinopoiskParserObjUITests;
			sourceTree = "<group>";
		};
		1E7329281D7813890027E46E /* Util */ = {
			isa = PBXGroup;
			children = (
				1E7329291D7813B50027E46E /* Constants.h */,
				1E73292A1D7813B50027E46E /* Constants.m */,
				1E1D3A9E1DE47D9F00D6C00C /* Macros.h */,
			);
			path = Util;
			sourceTree = "<group>";
		};
		1E73292C1D78142D0027E46E /* ViewControllers */ = {
			isa = PBXGroup;
			children = (
				1EFD65A11E13EA9200F5BA4D /* Settings */,
				1EFD65A01E13D78800F5BA4D /* Root */,
				1EFD659F1E13D6EB00F5BA4D /* Details */,
				1EFD659E1E13D54D00F5BA4D /* Main */,
				844A9FCF1DF0EDE200917832 /* MenuVC */,
			);
			path = ViewControllers;
			sourceTree = "<group>";
		};
		1E73292D1D7814340027E46E /* Model */ = {
			isa = PBXGroup;
			children = (
				1E372F801DF94B8400362CC1 /* XML */,
				1E7329491D783DFD0027E46E /* Persistance */,
			);
			name = Model;
			sourceTree = "<group>";
		};
		1E7329491D783DFD0027E46E /* Persistance */ = {
			isa = PBXGroup;
			children = (
				1E372F811DF94C7400362CC1 /* DateFormatterManager.h */,
				1E372F821DF94C7400362CC1 /* DateFormatterManager.m */,
				1E372F831DF94C7400362CC1 /* SearchManager.h */,
				1E372F841DF94C7400362CC1 /* SearchManager.m */,
				1E11C9451DDDAA1F00D55B28 /* NewsEntity.h */,
				1E11C9461DDDAA1F00D55B28 /* NewsEntity.m */,
				1E11C9481DDDE9E600D55B28 /* RealmDataManager.h */,
				1E11C9491DDDE9E600D55B28 /* RealmDataManager.m */,
				1E73294D1D7843310027E46E /* RemoteFacade.h */,
				1E73294E1D7843310027E46E /* RemoteFacade.m */,
				1E7329501D7845210027E46E /* DataManager.h */,
				1E7329511D7845210027E46E /* DataManager.m */,
			);
			name = Persistance;
			path = Model/Persistance;
			sourceTree = "<group>";
		};
		1EFD659E1E13D54D00F5BA4D /* Main */ = {
			isa = PBXGroup;
			children = (
				1E73292E1D7814620027E46E /* NewsTableView.h */,
				1E73292F1D7814620027E46E /* NewsTableView.m */,
				1E7329341D7814C00027E46E /* NewsTableViewCell.h */,
				1E7329351D7814C00027E46E /* NewsTableViewCell.m */,
			);
			path = Main;
			sourceTree = "<group>";
		};
		1EFD659F1E13D6EB00F5BA4D /* Details */ = {
			isa = PBXGroup;
			children = (
				1E7329531D7848530027E46E /* DetailsViewController.h */,
				1E7329541D7848530027E46E /* DetailsViewController.m */,
				1EFD659B1E13C80000F5BA4D /* DetailsOfflineVCViewController.h */,
				1EFD659C1E13C80000F5BA4D /* DetailsOfflineVCViewController.m */,
			);
			path = Details;
			sourceTree = "<group>";
		};
		1EFD65A01E13D78800F5BA4D /* Root */ = {
			isa = PBXGroup;
			children = (
				843B7B541DF35E27001532A4 /* RootViewController.h */,
				843B7B551DF35E27001532A4 /* RootViewController.m */,
			);
			path = Root;
			sourceTree = "<group>";
		};
		1EFD65A11E13EA9200F5BA4D /* Settings */ = {
			isa = PBXGroup;
			children = (
				1EFD65A51E13EDEA00F5BA4D /* Cells */,
				1EFD65A21E13EABE00F5BA4D /* SettingsVC.h */,
				1EFD65A31E13EABE00F5BA4D /* SettingsVC.m */,
			);
			path = Settings;
			sourceTree = "<group>";
		};
		1EFD65A51E13EDEA00F5BA4D /* Cells */ = {
			isa = PBXGroup;
			children = (
				1EFD65AA1E13EEFF00F5BA4D /* SettingsCellDelegate.h */,
				1EFD65A61E13EE4300F5BA4D /* SettingsOfflineCell.h */,
				1EFD65A71E13EE4300F5BA4D /* SettingsOfflineCell.m */,
			);
			path = Cells;
			sourceTree = "<group>";
		};
		63BC8B2900C89A3FD674B9BB /* Pods */ = {
			isa = PBXGroup;
			children = (
				8B1146B5C66D8993D8AAB349 /* Pods-KinopoiskParserObj.debug.xcconfig */,
				336B6CDD81FCEE97E5F4E57B /* Pods-KinopoiskParserObj.release.xcconfig */,
			);
			name = Pods;
			sourceTree = "<group>";
		};
		844A9FCF1DF0EDE200917832 /* MenuVC */ = {
			isa = PBXGroup;
			children = (
				844A9FD01DF0EE2A00917832 /* MenuViewController.h */,
				844A9FD11DF0EE2A00917832 /* MenuViewController.m */,
			);
			path = MenuVC;
			sourceTree = "<group>";
		};
/* End PBXGroup section */

/* Begin PBXNativeTarget section */
		1E7328EE1D7813740027E46E /* KinopoiskParserObj */ = {
			isa = PBXNativeTarget;
			buildConfigurationList = 1E73291F1D7813750027E46E /* Build configuration list for PBXNativeTarget "KinopoiskParserObj" */;
			buildPhases = (
				B755CB0345D078013C0B4EF2 /* [CP] Check Pods Manifest.lock */,
				1E7328EB1D7813740027E46E /* Sources */,
				1E7328EC1D7813740027E46E /* Frameworks */,
				1E7328ED1D7813740027E46E /* Resources */,
				1E11C9431DDDA10200D55B28 /* Embed Frameworks */,
				1E11C9441DDDA18300D55B28 /* ShellScript */,
				5681CB03AA966031C4CA2015 /* [CP] Embed Pods Frameworks */,
				C41DD30F770866432666F9C3 /* [CP] Copy Pods Resources */,
			);
			buildRules = (
			);
			dependencies = (
			);
			name = KinopoiskParserObj;
			productName = KinopoiskParserObj;
			productReference = 1E7328EF1D7813740027E46E /* KinopoiskParserObj.app */;
			productType = "com.apple.product-type.application";
		};
		1E73290A1D7813750027E46E /* KinopoiskParserObjTests */ = {
			isa = PBXNativeTarget;
			buildConfigurationList = 1E7329221D7813750027E46E /* Build configuration list for PBXNativeTarget "KinopoiskParserObjTests" */;
			buildPhases = (
				1E7329071D7813750027E46E /* Sources */,
				1E7329081D7813750027E46E /* Frameworks */,
				1E7329091D7813750027E46E /* Resources */,
			);
			buildRules = (
			);
			dependencies = (
				1E73290D1D7813750027E46E /* PBXTargetDependency */,
			);
			name = KinopoiskParserObjTests;
			productName = KinopoiskParserObjTests;
			productReference = 1E73290B1D7813750027E46E /* KinopoiskParserObjTests.xctest */;
			productType = "com.apple.product-type.bundle.unit-test";
		};
		1E7329151D7813750027E46E /* KinopoiskParserObjUITests */ = {
			isa = PBXNativeTarget;
			buildConfigurationList = 1E7329251D7813750027E46E /* Build configuration list for PBXNativeTarget "KinopoiskParserObjUITests" */;
			buildPhases = (
				1E7329121D7813750027E46E /* Sources */,
				1E7329131D7813750027E46E /* Frameworks */,
				1E7329141D7813750027E46E /* Resources */,
			);
			buildRules = (
			);
			dependencies = (
				1E7329181D7813750027E46E /* PBXTargetDependency */,
			);
			name = KinopoiskParserObjUITests;
			productName = KinopoiskParserObjUITests;
			productReference = 1E7329161D7813750027E46E /* KinopoiskParserObjUITests.xctest */;
			productType = "com.apple.product-type.bundle.ui-testing";
		};
/* End PBXNativeTarget section */

/* Begin PBXProject section */
		1E7328E71D7813740027E46E /* Project object */ = {
			isa = PBXProject;
			attributes = {
				LastUpgradeCheck = 0720;
				ORGANIZATIONNAME = "YAUHENI DROBAU";
				TargetAttributes = {
					1E7328EE1D7813740027E46E = {
						CreatedOnToolsVersion = 7.2.1;
						DevelopmentTeam = M2W7A5AWJY;
					};
					1E73290A1D7813750027E46E = {
						CreatedOnToolsVersion = 7.2.1;
						TestTargetID = 1E7328EE1D7813740027E46E;
					};
					1E7329151D7813750027E46E = {
						CreatedOnToolsVersion = 7.2.1;
						TestTargetID = 1E7328EE1D7813740027E46E;
					};
				};
			};
			buildConfigurationList = 1E7328EA1D7813740027E46E /* Build configuration list for PBXProject "KinopoiskParserObj" */;
			compatibilityVersion = "Xcode 3.2";
			developmentRegion = English;
			hasScannedForEncodings = 0;
			knownRegions = (
				Base,
				en,
				ru,
			);
			mainGroup = 1E7328E61D7813740027E46E;
			productRefGroup = 1E7328F01D7813740027E46E /* Products */;
			projectDirPath = "";
			projectRoot = "";
			targets = (
				1E7328EE1D7813740027E46E /* KinopoiskParserObj */,
				1E73290A1D7813750027E46E /* KinopoiskParserObjTests */,
				1E7329151D7813750027E46E /* KinopoiskParserObjUITests */,
			);
		};
/* End PBXProject section */

/* Begin PBXResourcesBuildPhase section */
		1E7328ED1D7813740027E46E /* Resources */ = {
			isa = PBXResourcesBuildPhase;
			buildActionMask = 2147483647;
			files = (
				84702F881DF8887C005CE945 /* Localizable.strings in Resources */,
				1E7329051D7813740027E46E /* LaunchScreen.storyboard in Resources */,
				1E7329021D7813740027E46E /* Assets.xcassets in Resources */,
				1E7328FD1D7813740027E46E /* Main.storyboard in Resources */,
			);
			runOnlyForDeploymentPostprocessing = 0;
		};
		1E7329091D7813750027E46E /* Resources */ = {
			isa = PBXResourcesBuildPhase;
			buildActionMask = 2147483647;
			files = (
			);
			runOnlyForDeploymentPostprocessing = 0;
		};
		1E7329141D7813750027E46E /* Resources */ = {
			isa = PBXResourcesBuildPhase;
			buildActionMask = 2147483647;
			files = (
			);
			runOnlyForDeploymentPostprocessing = 0;
		};
/* End PBXResourcesBuildPhase section */

/* Begin PBXShellScriptBuildPhase section */
		1E11C9441DDDA18300D55B28 /* ShellScript */ = {
			isa = PBXShellScriptBuildPhase;
			buildActionMask = 2147483647;
			files = (
			);
			inputPaths = (
			);
			outputPaths = (
			);
			runOnlyForDeploymentPostprocessing = 0;
			shellPath = /bin/sh;
			shellScript = "\"${PODS_ROOT}/Fabric/run\" 62097d6ca68f994b2395053fe38b14f7a41edb9f 3928b85f09d78e6d9802418fd57491cd2cc0f2945bdd0346b1e2052c5b0be349";
		};
		5681CB03AA966031C4CA2015 /* [CP] Embed Pods Frameworks */ = {
			isa = PBXShellScriptBuildPhase;
			buildActionMask = 2147483647;
			files = (
			);
			inputPaths = (
			);
			name = "[CP] Embed Pods Frameworks";
			outputPaths = (
			);
			runOnlyForDeploymentPostprocessing = 0;
			shellPath = /bin/sh;
			shellScript = "\"${SRCROOT}/Pods/Target Support Files/Pods-KinopoiskParserObj/Pods-KinopoiskParserObj-frameworks.sh\"\n";
			showEnvVarsInLog = 0;
		};
		B755CB0345D078013C0B4EF2 /* [CP] Check Pods Manifest.lock */ = {
			isa = PBXShellScriptBuildPhase;
			buildActionMask = 2147483647;
			files = (
			);
			inputPaths = (
			);
			name = "[CP] Check Pods Manifest.lock";
			outputPaths = (
			);
			runOnlyForDeploymentPostprocessing = 0;
			shellPath = /bin/sh;
			shellScript = "diff \"${PODS_ROOT}/../Podfile.lock\" \"${PODS_ROOT}/Manifest.lock\" > /dev/null\nif [[ $? != 0 ]] ; then\n    cat << EOM\nerror: The sandbox is not in sync with the Podfile.lock. Run 'pod install' or update your CocoaPods installation.\nEOM\n    exit 1\nfi\n";
			showEnvVarsInLog = 0;
		};
		C41DD30F770866432666F9C3 /* [CP] Copy Pods Resources */ = {
			isa = PBXShellScriptBuildPhase;
			buildActionMask = 2147483647;
			files = (
			);
			inputPaths = (
			);
			name = "[CP] Copy Pods Resources";
			outputPaths = (
			);
			runOnlyForDeploymentPostprocessing = 0;
			shellPath = /bin/sh;
			shellScript = "\"${SRCROOT}/Pods/Target Support Files/Pods-KinopoiskParserObj/Pods-KinopoiskParserObj-resources.sh\"\n";
			showEnvVarsInLog = 0;
		};
/* End PBXShellScriptBuildPhase section */

/* Begin PBXSourcesBuildPhase section */
		1E7328EB1D7813740027E46E /* Sources */ = {
			isa = PBXSourcesBuildPhase;
			buildActionMask = 2147483647;
			files = (
				1E640B5A1E0A85FE00AA539C /* MASConstraint.m in Sources */,
				1E640B5D1E0A85FE00AA539C /* MASViewAttribute.m in Sources */,
				1E640B661E0A85FE00AA539C /* ZLDropDownMenuUICalc.m in Sources */,
				1E640B5B1E0A85FE00AA539C /* MASConstraintMaker.m in Sources */,
				1EFD659D1E13C80000F5BA4D /* DetailsOfflineVCViewController.m in Sources */,
				1EFD65A41E13EABE00F5BA4D /* SettingsVC.m in Sources */,
				1E640B631E0A85FE00AA539C /* ZLDropDownMenu.m in Sources */,
				1E7329301D7814620027E46E /* NewsTableView.m in Sources */,
				1E73292B1D7813B50027E46E /* Constants.m in Sources */,
				1E73294F1D7843310027E46E /* RemoteFacade.m in Sources */,
				1E11C94A1DDDE9E600D55B28 /* RealmDataManager.m in Sources */,
				1E640B5E1E0A85FE00AA539C /* MASViewConstraint.m in Sources */,
				1E640B611E0A85FE00AA539C /* View+MASAdditions.m in Sources */,
				1E640B651E0A85FE00AA539C /* ZLDropDownMenuTitleButton.m in Sources */,
				1E640B591E0A85FE00AA539C /* MASCompositeConstraint.m in Sources */,
				844A9FD21DF0EE2B00917832 /* MenuViewController.m in Sources */,
				1E7329471D7836400027E46E /* ParserManager.m in Sources */,
				1E640B641E0A85FE00AA539C /* ZLDropDownMenuCollectionViewCell.m in Sources */,
				1E7329441D781E980027E46E /* XMLParser.m in Sources */,
				1E640B5C1E0A85FE00AA539C /* MASLayoutConstraint.m in Sources */,
				1E640B581E0A85FE00AA539C /* NSString+ZLStringSize.m in Sources */,
				1E7328F71D7813740027E46E /* AppDelegate.m in Sources */,
				1E372F851DF94C7400362CC1 /* DateFormatterManager.m in Sources */,
				843B7B561DF35E27001532A4 /* RootViewController.m in Sources */,
				1E7329521D7845210027E46E /* DataManager.m in Sources */,
				1E640B601E0A85FE00AA539C /* NSLayoutConstraint+MASDebugAdditions.m in Sources */,
				1EFD65A81E13EE4300F5BA4D /* SettingsOfflineCell.m in Sources */,
				1E372F861DF94C7400362CC1 /* SearchManager.m in Sources */,
				1E11C9471DDDAA1F00D55B28 /* NewsEntity.m in Sources */,
				1E640B5F1E0A85FE00AA539C /* NSArray+MASAdditions.m in Sources */,
				1E640B621E0A85FE00AA539C /* ViewController+MASAdditions.m in Sources */,
				1E7329361D7814C00027E46E /* NewsTableViewCell.m in Sources */,
				1E7329551D7848530027E46E /* DetailsViewController.m in Sources */,
				1E2666921E127AD6001DF2A2 /* INSSearchBar.m in Sources */,
				1E7328F41D7813740027E46E /* main.m in Sources */,
			);
			runOnlyForDeploymentPostprocessing = 0;
		};
		1E7329071D7813750027E46E /* Sources */ = {
			isa = PBXSourcesBuildPhase;
			buildActionMask = 2147483647;
			files = (
				1E7329101D7813750027E46E /* KinopoiskParserObjTests.m in Sources */,
			);
			runOnlyForDeploymentPostprocessing = 0;
		};
		1E7329121D7813750027E46E /* Sources */ = {
			isa = PBXSourcesBuildPhase;
			buildActionMask = 2147483647;
			files = (
				1E73291B1D7813750027E46E /* KinopoiskParserObjUITests.m in Sources */,
			);
			runOnlyForDeploymentPostprocessing = 0;
		};
/* End PBXSourcesBuildPhase section */

/* Begin PBXTargetDependency section */
		1E73290D1D7813750027E46E /* PBXTargetDependency */ = {
			isa = PBXTargetDependency;
			target = 1E7328EE1D7813740027E46E /* KinopoiskParserObj */;
			targetProxy = 1E73290C1D7813750027E46E /* PBXContainerItemProxy */;
		};
		1E7329181D7813750027E46E /* PBXTargetDependency */ = {
			isa = PBXTargetDependency;
			target = 1E7328EE1D7813740027E46E /* KinopoiskParserObj */;
			targetProxy = 1E7329171D7813750027E46E /* PBXContainerItemProxy */;
		};
/* End PBXTargetDependency section */

/* Begin PBXVariantGroup section */
		1E7328FB1D7813740027E46E /* Main.storyboard */ = {
			isa = PBXVariantGroup;
			children = (
				1E7328FC1D7813740027E46E /* Base */,
				84702F911DF88B5A005CE945 /* ru */,
				84702F931DF88B6C005CE945 /* en */,
			);
			name = Main.storyboard;
			sourceTree = "<group>";
		};
		1E7329031D7813740027E46E /* LaunchScreen.storyboard */ = {
			isa = PBXVariantGroup;
			children = (
				1E7329041D7813740027E46E /* Base */,
				84702F941DF88BB8005CE945 /* en */,
				84702F951DF88BC5005CE945 /* ru */,
			);
			name = LaunchScreen.storyboard;
			sourceTree = "<group>";
		};
		84702F8A1DF8887C005CE945 /* Localizable.strings */ = {
			isa = PBXVariantGroup;
			children = (
				84702F891DF8887C005CE945 /* Base */,
				84702F8B1DF8888D005CE945 /* en */,
				84702F8C1DF8888F005CE945 /* ru */,
			);
			name = Localizable.strings;
			path = ..;
			sourceTree = "<group>";
		};
/* End PBXVariantGroup section */

/* Begin XCBuildConfiguration section */
		1E73291D1D7813750027E46E /* Debug */ = {
			isa = XCBuildConfiguration;
			buildSettings = {
				ALWAYS_SEARCH_USER_PATHS = NO;
				CLANG_ANALYZER_LOCALIZABILITY_NONLOCALIZED = YES;
				CLANG_CXX_LANGUAGE_STANDARD = "gnu++0x";
				CLANG_CXX_LIBRARY = "libc++";
				CLANG_ENABLE_MODULES = YES;
				CLANG_ENABLE_OBJC_ARC = YES;
				CLANG_WARN_BOOL_CONVERSION = YES;
				CLANG_WARN_CONSTANT_CONVERSION = YES;
				CLANG_WARN_DIRECT_OBJC_ISA_USAGE = YES_ERROR;
				CLANG_WARN_EMPTY_BODY = YES;
				CLANG_WARN_ENUM_CONVERSION = YES;
				CLANG_WARN_INT_CONVERSION = YES;
				CLANG_WARN_OBJC_ROOT_CLASS = YES_ERROR;
				CLANG_WARN_UNREACHABLE_CODE = YES;
				CLANG_WARN__DUPLICATE_METHOD_MATCH = YES;
				"CODE_SIGN_IDENTITY[sdk=iphoneos*]" = "iPhone Developer";
				COPY_PHASE_STRIP = NO;
				DEBUG_INFORMATION_FORMAT = dwarf;
				ENABLE_STRICT_OBJC_MSGSEND = YES;
				ENABLE_TESTABILITY = YES;
				GCC_C_LANGUAGE_STANDARD = gnu99;
				GCC_DYNAMIC_NO_PIC = NO;
				GCC_NO_COMMON_BLOCKS = YES;
				GCC_OPTIMIZATION_LEVEL = 0;
				GCC_PREPROCESSOR_DEFINITIONS = (
					"DEBUG=1",
					"$(inherited)",
				);
				GCC_WARN_64_TO_32_BIT_CONVERSION = YES;
				GCC_WARN_ABOUT_RETURN_TYPE = YES_ERROR;
				GCC_WARN_UNDECLARED_SELECTOR = YES;
				GCC_WARN_UNINITIALIZED_AUTOS = YES_AGGRESSIVE;
				GCC_WARN_UNUSED_FUNCTION = YES;
				GCC_WARN_UNUSED_VARIABLE = YES;
				IPHONEOS_DEPLOYMENT_TARGET = 9.2;
				MTL_ENABLE_DEBUG_INFO = YES;
				ONLY_ACTIVE_ARCH = YES;
				SDKROOT = iphoneos;
				TARGETED_DEVICE_FAMILY = "1,2";
			};
			name = Debug;
		};
		1E73291E1D7813750027E46E /* Release */ = {
			isa = XCBuildConfiguration;
			buildSettings = {
				ALWAYS_SEARCH_USER_PATHS = NO;
				CLANG_ANALYZER_LOCALIZABILITY_NONLOCALIZED = YES;
				CLANG_CXX_LANGUAGE_STANDARD = "gnu++0x";
				CLANG_CXX_LIBRARY = "libc++";
				CLANG_ENABLE_MODULES = YES;
				CLANG_ENABLE_OBJC_ARC = YES;
				CLANG_WARN_BOOL_CONVERSION = YES;
				CLANG_WARN_CONSTANT_CONVERSION = YES;
				CLANG_WARN_DIRECT_OBJC_ISA_USAGE = YES_ERROR;
				CLANG_WARN_EMPTY_BODY = YES;
				CLANG_WARN_ENUM_CONVERSION = YES;
				CLANG_WARN_INT_CONVERSION = YES;
				CLANG_WARN_OBJC_ROOT_CLASS = YES_ERROR;
				CLANG_WARN_UNREACHABLE_CODE = YES;
				CLANG_WARN__DUPLICATE_METHOD_MATCH = YES;
				"CODE_SIGN_IDENTITY[sdk=iphoneos*]" = "iPhone Developer";
				COPY_PHASE_STRIP = NO;
				DEBUG_INFORMATION_FORMAT = "dwarf-with-dsym";
				ENABLE_NS_ASSERTIONS = NO;
				ENABLE_STRICT_OBJC_MSGSEND = YES;
				GCC_C_LANGUAGE_STANDARD = gnu99;
				GCC_NO_COMMON_BLOCKS = YES;
				GCC_WARN_64_TO_32_BIT_CONVERSION = YES;
				GCC_WARN_ABOUT_RETURN_TYPE = YES_ERROR;
				GCC_WARN_UNDECLARED_SELECTOR = YES;
				GCC_WARN_UNINITIALIZED_AUTOS = YES_AGGRESSIVE;
				GCC_WARN_UNUSED_FUNCTION = YES;
				GCC_WARN_UNUSED_VARIABLE = YES;
				IPHONEOS_DEPLOYMENT_TARGET = 9.2;
				MTL_ENABLE_DEBUG_INFO = NO;
				SDKROOT = iphoneos;
				TARGETED_DEVICE_FAMILY = "1,2";
				VALIDATE_PRODUCT = YES;
			};
			name = Release;
		};
		1E7329201D7813750027E46E /* Debug */ = {
			isa = XCBuildConfiguration;
			baseConfigurationReference = 8B1146B5C66D8993D8AAB349 /* Pods-KinopoiskParserObj.debug.xcconfig */;
			buildSettings = {
				ASSETCATALOG_COMPILER_APPICON_NAME = AppIcon;
				DEVELOPMENT_TEAM = M2W7A5AWJY;
				FRAMEWORK_SEARCH_PATHS = (
					"$(inherited)",
					"$(PROJECT_DIR)",
				);
				INFOPLIST_FILE = KinopoiskParserObj/Info.plist;
				IPHONEOS_DEPLOYMENT_TARGET = 10.0;
				LD_RUNPATH_SEARCH_PATHS = "$(inherited) @executable_path/Frameworks";
				PRODUCT_BUNDLE_IDENTIFIER = com.Cogniteq.KinopoiskParserObj;
				PRODUCT_NAME = "$(TARGET_NAME)";
			};
			name = Debug;
		};
		1E7329211D7813750027E46E /* Release */ = {
			isa = XCBuildConfiguration;
			baseConfigurationReference = 336B6CDD81FCEE97E5F4E57B /* Pods-KinopoiskParserObj.release.xcconfig */;
			buildSettings = {
				ASSETCATALOG_COMPILER_APPICON_NAME = AppIcon;
				DEVELOPMENT_TEAM = M2W7A5AWJY;
				FRAMEWORK_SEARCH_PATHS = (
					"$(inherited)",
					"$(PROJECT_DIR)",
				);
				INFOPLIST_FILE = KinopoiskParserObj/Info.plist;
				IPHONEOS_DEPLOYMENT_TARGET = 10.0;
				LD_RUNPATH_SEARCH_PATHS = "$(inherited) @executable_path/Frameworks";
				PRODUCT_BUNDLE_IDENTIFIER = com.Cogniteq.KinopoiskParserObj;
				PRODUCT_NAME = "$(TARGET_NAME)";
			};
			name = Release;
		};
		1E7329231D7813750027E46E /* Debug */ = {
			isa = XCBuildConfiguration;
			buildSettings = {
				BUNDLE_LOADER = "$(TEST_HOST)";
				INFOPLIST_FILE = KinopoiskParserObjTests/Info.plist;
				LD_RUNPATH_SEARCH_PATHS = "$(inherited) @executable_path/Frameworks @loader_path/Frameworks";
				PRODUCT_BUNDLE_IDENTIFIER = com.Cogniteq.KinopoiskParserObjTests;
				PRODUCT_NAME = "$(TARGET_NAME)";
				TEST_HOST = "$(BUILT_PRODUCTS_DIR)/KinopoiskParserObj.app/KinopoiskParserObj";
			};
			name = Debug;
		};
		1E7329241D7813750027E46E /* Release */ = {
			isa = XCBuildConfiguration;
			buildSettings = {
				BUNDLE_LOADER = "$(TEST_HOST)";
				INFOPLIST_FILE = KinopoiskParserObjTests/Info.plist;
				LD_RUNPATH_SEARCH_PATHS = "$(inherited) @executable_path/Frameworks @loader_path/Frameworks";
				PRODUCT_BUNDLE_IDENTIFIER = com.Cogniteq.KinopoiskParserObjTests;
				PRODUCT_NAME = "$(TARGET_NAME)";
				TEST_HOST = "$(BUILT_PRODUCTS_DIR)/KinopoiskParserObj.app/KinopoiskParserObj";
			};
			name = Release;
		};
		1E7329261D7813750027E46E /* Debug */ = {
			isa = XCBuildConfiguration;
			buildSettings = {
				INFOPLIST_FILE = KinopoiskParserObjUITests/Info.plist;
				LD_RUNPATH_SEARCH_PATHS = "$(inherited) @executable_path/Frameworks @loader_path/Frameworks";
				PRODUCT_BUNDLE_IDENTIFIER = com.Cogniteq.KinopoiskParserObjUITests;
				PRODUCT_NAME = "$(TARGET_NAME)";
				TEST_TARGET_NAME = KinopoiskParserObj;
				USES_XCTRUNNER = YES;
			};
			name = Debug;
		};
		1E7329271D7813750027E46E /* Release */ = {
			isa = XCBuildConfiguration;
			buildSettings = {
				INFOPLIST_FILE = KinopoiskParserObjUITests/Info.plist;
				LD_RUNPATH_SEARCH_PATHS = "$(inherited) @executable_path/Frameworks @loader_path/Frameworks";
				PRODUCT_BUNDLE_IDENTIFIER = com.Cogniteq.KinopoiskParserObjUITests;
				PRODUCT_NAME = "$(TARGET_NAME)";
				TEST_TARGET_NAME = KinopoiskParserObj;
				USES_XCTRUNNER = YES;
			};
			name = Release;
		};
/* End XCBuildConfiguration section */

/* Begin XCConfigurationList section */
		1E7328EA1D7813740027E46E /* Build configuration list for PBXProject "KinopoiskParserObj" */ = {
			isa = XCConfigurationList;
			buildConfigurations = (
				1E73291D1D7813750027E46E /* Debug */,
				1E73291E1D7813750027E46E /* Release */,
			);
			defaultConfigurationIsVisible = 0;
			defaultConfigurationName = Release;
		};
		1E73291F1D7813750027E46E /* Build configuration list for PBXNativeTarget "KinopoiskParserObj" */ = {
			isa = XCConfigurationList;
			buildConfigurations = (
				1E7329201D7813750027E46E /* Debug */,
				1E7329211D7813750027E46E /* Release */,
			);
			defaultConfigurationIsVisible = 0;
			defaultConfigurationName = Release;
		};
		1E7329221D7813750027E46E /* Build configuration list for PBXNativeTarget "KinopoiskParserObjTests" */ = {
			isa = XCConfigurationList;
			buildConfigurations = (
				1E7329231D7813750027E46E /* Debug */,
				1E7329241D7813750027E46E /* Release */,
			);
			defaultConfigurationIsVisible = 0;
			defaultConfigurationName = Release;
		};
		1E7329251D7813750027E46E /* Build configuration list for PBXNativeTarget "KinopoiskParserObjUITests" */ = {
			isa = XCConfigurationList;
			buildConfigurations = (
				1E7329261D7813750027E46E /* Debug */,
				1E7329271D7813750027E46E /* Release */,
			);
			defaultConfigurationIsVisible = 0;
			defaultConfigurationName = Release;
		};
/* End XCConfigurationList section */
	};
	rootObject = 1E7328E71D7813740027E46E /* Project object */;
}
