PODS:
  - AFNetworking (2.6.3):
    - AFNetworking/NSURLConnection (= 2.6.3)
    - AFNetworking/NSURLSession (= 2.6.3)
    - AFNetworking/Reachability (= 2.6.3)
    - AFNetworking/Security (= 2.6.3)
    - AFNetworking/Serialization (= 2.6.3)
    - AFNetworking/UIKit (= 2.6.3)
  - AFNetworking/NSURLConnection (2.6.3):
    - AFNetworking/Reachability
    - AFNetworking/Security
    - AFNetworking/Serialization
  - AFNetworking/NSURLSession (2.6.3):
    - AFNetworking/Reachability
    - AFNetworking/Security
    - AFNetworking/Serialization
  - AFNetworking/Reachability (2.6.3)
  - AFNetworking/Security (2.6.3)
  - AFNetworking/Serialization (2.6.3)
  - AFNetworking/UIKit (2.6.3):
    - AFNetworking/NSURLConnection
    - AFNetworking/NSURLSession
  - CFShareCircle (1.0.0)
  - Crashlytics (3.8.3):
    - Fabric (~> 1.6.3)
  - DZNEmptyDataSet (1.8.1)
  - Fabric (1.6.11)
  - LMSideBarController (1.0.1)
  - Reachability (3.2)
  - Realm (2.2.0):
    - Realm/Headers (= 2.2.0)
  - Realm/Headers (2.2.0)
  - SDWebImage (3.7.6):
    - SDWebImage/Core (= 3.7.6)
  - SDWebImage/Core (3.7.6)
  - UIAlertController+Blocks (0.9.2)
  - YandexMobileMetrica (2.7.0):
    - YandexMobileMetrica/Static (= 2.7.0)
  - YandexMobileMetrica/Static (2.7.0)
  - YandexMobileMetricaPush (0.4.0):
    - YandexMobileMetricaPush/Static (= 0.4.0)
  - YandexMobileMetricaPush/Static (0.4.0):
    - YandexMobileMetrica (< 3.0.0, >= 2.6.2)

DEPENDENCIES:
  - AFNetworking (~> 2.0)
  - CFShareCircle
  - Crashlytics
  - DZNEmptyDataSet
  - Fabric
  - LMSideBarController
  - Reachability (~> 3.2)
  - Realm
  - SDWebImage (~> 3.7.6)
  - UIAlertController+Blocks
  - YandexMobileMetrica (= 2.7.0)
  - YandexMobileMetricaPush (= 0.4.0)

SPEC CHECKSUMS:
  AFNetworking: cb8d14a848e831097108418f5d49217339d4eb60
  CFShareCircle: 5b514788a83fdd95716c642d963658334fd5742c
  Crashlytics: 2b6dbe138a42395577cfa73dfa1aa7248cadf39e
  DZNEmptyDataSet: 9525833b9e68ac21c30253e1d3d7076cc828eaa7
  Fabric: 5911403591946b8228ab1c51d98f1d7137e863c6
  LMSideBarController: bfbe56b30c76a541918b4c3f8972f64a49b295a1
  Reachability: 33e18b67625424e47b6cde6d202dce689ad7af96
  Realm: d95b8fb34c83f1e764b66d319277a62c2b6e4bf5
  SDWebImage: c325cf02c30337336b95beff20a13df489ec0ec9
  UIAlertController+Blocks: 80e28b92523fb58aba4d1bccec013d5a0b0bddb2
  YandexMobileMetrica: c8e9050cd23b10dee4358bdf0a5142583a63995c
  YandexMobileMetricaPush: e2787c60c8d5f3aa2feef9a57d44cfc3f3d69946

PODFILE CHECKSUM: 52fd035981552e77e6cca37358695f3fdf94bc40

COCOAPODS: 1.0.1
