PODS:
  - AFNetworking (2.6.3):
    - AFNetworking/NSURLConnection (= 2.6.3)
    - AFNetworking/NSURLSession (= 2.6.3)
    - AFNetworking/Reachability (= 2.6.3)
    - AFNetworking/Security (= 2.6.3)
    - AFNetworking/Serialization (= 2.6.3)
    - AFNetworking/UIKit (= 2.6.3)
  - AFNetworking/NSURLConnection (2.6.3):
    - AFNetworking/Reachability
    - AFNetworking/Security
    - AFNetworking/Serialization
  - AFNetworking/NSURLSession (2.6.3):
    - AFNetworking/Reachability
    - AFNetworking/Security
    - AFNetworking/Serialization
  - AFNetworking/Reachability (2.6.3)
  - AFNetworking/Security (2.6.3)
  - AFNetworking/Serialization (2.6.3)
  - AFNetworking/UIKit (2.6.3):
    - AFNetworking/NSURLConnection
    - AFNetworking/NSURLSession
  - Crashlytics (3.8.3):
    - Fabric (~> 1.6.3)
  - DZNEmptyDataSet (1.8.1)
  - Fabric (1.6.11)
  - LMSideBarController (1.0.1)
  - NYSegmentedControl (1.0.7)
  - Reachability (3.2)
  - Realm (2.1.0):
    - Realm/Headers (= 2.1.0)
  - Realm/Headers (2.1.0)
  - SDWebImage (3.7.6):
    - SDWebImage/Core (= 3.7.6)
  - SDWebImage/Core (3.7.6)
  - UIAlertController+Blocks (0.9.2)

DEPENDENCIES:
  - AFNetworking (~> 2.0)
  - Crashlytics
  - DZNEmptyDataSet
  - Fabric
  - LMSideBarController
  - NYSegmentedControl
  - Reachability (~> 3.2)
  - Realm
  - SDWebImage (~> 3.7.6)
  - UIAlertController+Blocks

SPEC CHECKSUMS:
  AFNetworking: cb8d14a848e831097108418f5d49217339d4eb60
  Crashlytics: 2b6dbe138a42395577cfa73dfa1aa7248cadf39e
  DZNEmptyDataSet: 9525833b9e68ac21c30253e1d3d7076cc828eaa7
  Fabric: 5911403591946b8228ab1c51d98f1d7137e863c6
  LMSideBarController: bfbe56b30c76a541918b4c3f8972f64a49b295a1
  NYSegmentedControl: 55b4f9eb652767cae9799623ec3e49e50029ef47
  Reachability: 33e18b67625424e47b6cde6d202dce689ad7af96
  Realm: bc829ad0ef3d4eea70c34cfcc3b1704d18d50df1
  SDWebImage: c325cf02c30337336b95beff20a13df489ec0ec9
  UIAlertController+Blocks: 80e28b92523fb58aba4d1bccec013d5a0b0bddb2

PODFILE CHECKSUM: 272e0258b8c5ad16f9b6d89cb8776bbf1206862f

COCOAPODS: 1.0.1
