// !$*UTF8*$!
{
	archiveVersion = 1;
	classes = {
	};
	objectVersion = 46;
	objects = {

/* Begin PBXBuildFile section */
		1E0FE35B1E6EB1300009BC26 /* DataManager.m in Sources */ = {isa = PBXBuildFile; fileRef = 1E0FE3481E6EB1300009BC26 /* DataManager.m */; };
		1E0FE35C1E6EB1300009BC26 /* DateFormatterManager.m in Sources */ = {isa = PBXBuildFile; fileRef = 1E0FE34A1E6EB1300009BC26 /* DateFormatterManager.m */; };
		1E0FE35D1E6EB1300009BC26 /* ForecastManager.m in Sources */ = {isa = PBXBuildFile; fileRef = 1E0FE34C1E6EB1300009BC26 /* ForecastManager.m */; };
		1E0FE35E1E6EB1300009BC26 /* NotificationManager.m in Sources */ = {isa = PBXBuildFile; fileRef = 1E0FE34E1E6EB1300009BC26 /* NotificationManager.m */; };
		1E0FE35F1E6EB1300009BC26 /* RealmDataManager.m in Sources */ = {isa = PBXBuildFile; fileRef = 1E0FE3501E6EB1300009BC26 /* RealmDataManager.m */; };
		1E0FE3601E6EB1300009BC26 /* RemoteFacade.m in Sources */ = {isa = PBXBuildFile; fileRef = 1E0FE3521E6EB1300009BC26 /* RemoteFacade.m */; };
		1E0FE3611E6EB1300009BC26 /* SearchManager.m in Sources */ = {isa = PBXBuildFile; fileRef = 1E0FE3541E6EB1300009BC26 /* SearchManager.m */; };
		1E0FE3621E6EB1300009BC26 /* SettingsManager.m in Sources */ = {isa = PBXBuildFile; fileRef = 1E0FE3561E6EB1300009BC26 /* SettingsManager.m */; };
		1E0FE3631E6EB1300009BC26 /* ShareManager.m in Sources */ = {isa = PBXBuildFile; fileRef = 1E0FE3581E6EB1300009BC26 /* ShareManager.m */; };
		1E0FE3641E6EB1300009BC26 /* UserDefaultsManager.m in Sources */ = {isa = PBXBuildFile; fileRef = 1E0FE35A1E6EB1300009BC26 /* UserDefaultsManager.m */; };
		1E0FE36D1E6EB1460009BC26 /* CityObject.m in Sources */ = {isa = PBXBuildFile; fileRef = 1E0FE3681E6EB1460009BC26 /* CityObject.m */; };
		1E0FE36E1E6EB1460009BC26 /* ForecastObject.m in Sources */ = {isa = PBXBuildFile; fileRef = 1E0FE36A1E6EB1460009BC26 /* ForecastObject.m */; };
		1E0FE36F1E6EB1460009BC26 /* NewsEntity.m in Sources */ = {isa = PBXBuildFile; fileRef = 1E0FE36C1E6EB1460009BC26 /* NewsEntity.m */; };
		1E0FE39C1E6EE73A0009BC26 /* CFShareCircleView.m in Sources */ = {isa = PBXBuildFile; fileRef = 1E0FE37C1E6EE73A0009BC26 /* CFShareCircleView.m */; };
		1E0FE39D1E6EE73A0009BC26 /* CFSharer.m in Sources */ = {isa = PBXBuildFile; fileRef = 1E0FE37E1E6EE73A0009BC26 /* CFSharer.m */; };
		1E0FE39E1E6EE73A0009BC26 /* LICENSE in Resources */ = {isa = PBXBuildFile; fileRef = 1E0FE37F1E6EE73A0009BC26 /* LICENSE */; };
		1E0FE39F1E6EE73A0009BC26 /* README.md in Sources */ = {isa = PBXBuildFile; fileRef = 1E0FE3801E6EE73A0009BC26 /* README.md */; };
		1E0FE3A01E6EE73A0009BC26 /* camera_roll.png in Resources */ = {isa = PBXBuildFile; fileRef = 1E0FE3821E6EE73A0009BC26 /* camera_roll.png */; };
		1E0FE3A11E6EE73A0009BC26 /* camera_roll@2x.png in Resources */ = {isa = PBXBuildFile; fileRef = 1E0FE3831E6EE73A0009BC26 /* camera_roll@2x.png */; };
		1E0FE3A21E6EE73A0009BC26 /* close.png in Resources */ = {isa = PBXBuildFile; fileRef = 1E0FE3841E6EE73A0009BC26 /* close.png */; };
		1E0FE3A31E6EE73A0009BC26 /* close@2x.png in Resources */ = {isa = PBXBuildFile; fileRef = 1E0FE3851E6EE73A0009BC26 /* close@2x.png */; };
		1E0FE3A41E6EE73A0009BC26 /* dropbox.png in Resources */ = {isa = PBXBuildFile; fileRef = 1E0FE3861E6EE73A0009BC26 /* dropbox.png */; };
		1E0FE3A51E6EE73A0009BC26 /* dropbox@2x.png in Resources */ = {isa = PBXBuildFile; fileRef = 1E0FE3871E6EE73A0009BC26 /* dropbox@2x.png */; };
		1E0FE3A61E6EE73A0009BC26 /* evernote.png in Resources */ = {isa = PBXBuildFile; fileRef = 1E0FE3881E6EE73A0009BC26 /* evernote.png */; };
		1E0FE3A71E6EE73A0009BC26 /* evernote@2x.png in Resources */ = {isa = PBXBuildFile; fileRef = 1E0FE3891E6EE73A0009BC26 /* evernote@2x.png */; };
		1E0FE3A81E6EE73A0009BC26 /* facebook.png in Resources */ = {isa = PBXBuildFile; fileRef = 1E0FE38A1E6EE73A0009BC26 /* facebook.png */; };
		1E0FE3A91E6EE73A0009BC26 /* facebook@2x.png in Resources */ = {isa = PBXBuildFile; fileRef = 1E0FE38B1E6EE73A0009BC26 /* facebook@2x.png */; };
		1E0FE3AA1E6EE73A0009BC26 /* google_drive.png in Resources */ = {isa = PBXBuildFile; fileRef = 1E0FE38C1E6EE73A0009BC26 /* google_drive.png */; };
		1E0FE3AB1E6EE73A0009BC26 /* google_drive@2x.png in Resources */ = {isa = PBXBuildFile; fileRef = 1E0FE38D1E6EE73A0009BC26 /* google_drive@2x.png */; };
		1E0FE3AC1E6EE73A0009BC26 /* mail.png in Resources */ = {isa = PBXBuildFile; fileRef = 1E0FE38E1E6EE73A0009BC26 /* mail.png */; };
		1E0FE3AD1E6EE73A0009BC26 /* mail@2x.png in Resources */ = {isa = PBXBuildFile; fileRef = 1E0FE38F1E6EE73A0009BC26 /* mail@2x.png */; };
		1E0FE3AE1E6EE73A0009BC26 /* more copy.png in Resources */ = {isa = PBXBuildFile; fileRef = 1E0FE3901E6EE73A0009BC26 /* more copy.png */; };
		1E0FE3AF1E6EE73A0009BC26 /* more@2x copy.png in Resources */ = {isa = PBXBuildFile; fileRef = 1E0FE3911E6EE73A0009BC26 /* more@2x copy.png */; };
		1E0FE3B01E6EE73A0009BC26 /* pinterest copy.png in Resources */ = {isa = PBXBuildFile; fileRef = 1E0FE3921E6EE73A0009BC26 /* pinterest copy.png */; };
		1E0FE3B11E6EE73A0009BC26 /* pinterest.png in Resources */ = {isa = PBXBuildFile; fileRef = 1E0FE3931E6EE73A0009BC26 /* pinterest.png */; };
		1E0FE3B21E6EE73A0009BC26 /* pinterest@2x copy.png in Resources */ = {isa = PBXBuildFile; fileRef = 1E0FE3941E6EE73A0009BC26 /* pinterest@2x copy.png */; };
		1E0FE3B31E6EE73A0009BC26 /* pinterest@2x.png in Resources */ = {isa = PBXBuildFile; fileRef = 1E0FE3951E6EE73A0009BC26 /* pinterest@2x.png */; };
		1E0FE3B41E6EE73A0009BC26 /* print.png in Resources */ = {isa = PBXBuildFile; fileRef = 1E0FE3961E6EE73A0009BC26 /* print.png */; };
		1E0FE3B51E6EE73A0009BC26 /* print@2x.png in Resources */ = {isa = PBXBuildFile; fileRef = 1E0FE3971E6EE73A0009BC26 /* print@2x.png */; };
		1E0FE3B61E6EE73A0009BC26 /* twitter copy.png in Resources */ = {isa = PBXBuildFile; fileRef = 1E0FE3981E6EE73A0009BC26 /* twitter copy.png */; };
		1E0FE3B71E6EE73A0009BC26 /* twitter.png in Resources */ = {isa = PBXBuildFile; fileRef = 1E0FE3991E6EE73A0009BC26 /* twitter.png */; };
		1E0FE3B81E6EE73A0009BC26 /* twitter@2x copy.png in Resources */ = {isa = PBXBuildFile; fileRef = 1E0FE39A1E6EE73A0009BC26 /* twitter@2x copy.png */; };
		1E0FE3B91E6EE73A0009BC26 /* twitter@2x.png in Resources */ = {isa = PBXBuildFile; fileRef = 1E0FE39B1E6EE73A0009BC26 /* twitter@2x.png */; };
		1E1286111E5D6E4B00D2899D /* SettingsNightModeCellTableViewCell.m in Sources */ = {isa = PBXBuildFile; fileRef = 1E1286101E5D6E4B00D2899D /* SettingsNightModeCellTableViewCell.m */; };
		1E1286181E5D850600D2899D /* UIColor+BelarusNews.m in Sources */ = {isa = PBXBuildFile; fileRef = 1E1286171E5D850600D2899D /* UIColor+BelarusNews.m */; };
		1E12861B1E5D916F00D2899D /* SettingsBaseCell.m in Sources */ = {isa = PBXBuildFile; fileRef = 1E12861A1E5D916F00D2899D /* SettingsBaseCell.m */; };
		1E1505051E83EC56009F235E /* UIViewController+ShowModal.m in Sources */ = {isa = PBXBuildFile; fileRef = 1E1505041E83EC56009F235E /* UIViewController+ShowModal.m */; };
		1E1505081E83ECAF009F235E /* WebLinkViewController.m in Sources */ = {isa = PBXBuildFile; fileRef = 1E1505071E83ECAF009F235E /* WebLinkViewController.m */; };
		1E15050B1E83ECD7009F235E /* ModalViewController.m in Sources */ = {isa = PBXBuildFile; fileRef = 1E15050A1E83ECD7009F235E /* ModalViewController.m */; };
		1E15050E1E83EDC4009F235E /* Modals.storyboard in Resources */ = {isa = PBXBuildFile; fileRef = 1E1505101E83EDC4009F235E /* Modals.storyboard */; };
		1E2666921E127AD6001DF2A2 /* INSSearchBar.m in Sources */ = {isa = PBXBuildFile; fileRef = 1E2666911E127AD6001DF2A2 /* INSSearchBar.m */; };
		1E4C8C641E56D8FB00B2ED44 /* SettingsAutoupdateCell.m in Sources */ = {isa = PBXBuildFile; fileRef = 1E4C8C631E56D8FB00B2ED44 /* SettingsAutoupdateCell.m */; };
		1E640B581E0A85FE00AA539C /* NSString+ZLStringSize.m in Sources */ = {isa = PBXBuildFile; fileRef = 1E640B341E0A85FC00AA539C /* NSString+ZLStringSize.m */; };
		1E640B591E0A85FE00AA539C /* MASCompositeConstraint.m in Sources */ = {isa = PBXBuildFile; fileRef = 1E640B381E0A85FC00AA539C /* MASCompositeConstraint.m */; };
		1E640B5A1E0A85FE00AA539C /* MASConstraint.m in Sources */ = {isa = PBXBuildFile; fileRef = 1E640B3B1E0A85FC00AA539C /* MASConstraint.m */; };
		1E640B5B1E0A85FE00AA539C /* MASConstraintMaker.m in Sources */ = {isa = PBXBuildFile; fileRef = 1E640B3D1E0A85FC00AA539C /* MASConstraintMaker.m */; };
		1E640B5C1E0A85FE00AA539C /* MASLayoutConstraint.m in Sources */ = {isa = PBXBuildFile; fileRef = 1E640B3F1E0A85FC00AA539C /* MASLayoutConstraint.m */; };
		1E640B5D1E0A85FE00AA539C /* MASViewAttribute.m in Sources */ = {isa = PBXBuildFile; fileRef = 1E640B431E0A85FC00AA539C /* MASViewAttribute.m */; };
		1E640B5E1E0A85FE00AA539C /* MASViewConstraint.m in Sources */ = {isa = PBXBuildFile; fileRef = 1E640B451E0A85FC00AA539C /* MASViewConstraint.m */; };
		1E640B5F1E0A85FE00AA539C /* NSArray+MASAdditions.m in Sources */ = {isa = PBXBuildFile; fileRef = 1E640B471E0A85FC00AA539C /* NSArray+MASAdditions.m */; };
		1E640B601E0A85FE00AA539C /* NSLayoutConstraint+MASDebugAdditions.m in Sources */ = {isa = PBXBuildFile; fileRef = 1E640B4A1E0A85FC00AA539C /* NSLayoutConstraint+MASDebugAdditions.m */; };
		1E640B611E0A85FE00AA539C /* View+MASAdditions.m in Sources */ = {isa = PBXBuildFile; fileRef = 1E640B4C1E0A85FC00AA539C /* View+MASAdditions.m */; };
		1E640B621E0A85FE00AA539C /* ViewController+MASAdditions.m in Sources */ = {isa = PBXBuildFile; fileRef = 1E640B4F1E0A85FC00AA539C /* ViewController+MASAdditions.m */; };
		1E640B631E0A85FE00AA539C /* ZLDropDownMenu.m in Sources */ = {isa = PBXBuildFile; fileRef = 1E640B511E0A85FC00AA539C /* ZLDropDownMenu.m */; };
		1E640B641E0A85FE00AA539C /* ZLDropDownMenuCollectionViewCell.m in Sources */ = {isa = PBXBuildFile; fileRef = 1E640B531E0A85FC00AA539C /* ZLDropDownMenuCollectionViewCell.m */; };
		1E640B651E0A85FE00AA539C /* ZLDropDownMenuTitleButton.m in Sources */ = {isa = PBXBuildFile; fileRef = 1E640B551E0A85FC00AA539C /* ZLDropDownMenuTitleButton.m */; };
		1E640B661E0A85FE00AA539C /* ZLDropDownMenuUICalc.m in Sources */ = {isa = PBXBuildFile; fileRef = 1E640B571E0A85FC00AA539C /* ZLDropDownMenuUICalc.m */; };
		1E7328F41D7813740027E46E /* main.m in Sources */ = {isa = PBXBuildFile; fileRef = 1E7328F31D7813740027E46E /* main.m */; };
		1E7328F71D7813740027E46E /* AppDelegate.m in Sources */ = {isa = PBXBuildFile; fileRef = 1E7328F61D7813740027E46E /* AppDelegate.m */; };
		1E7328FD1D7813740027E46E /* Main.storyboard in Resources */ = {isa = PBXBuildFile; fileRef = 1E7328FB1D7813740027E46E /* Main.storyboard */; };
		1E7329021D7813740027E46E /* Assets.xcassets in Resources */ = {isa = PBXBuildFile; fileRef = 1E7329011D7813740027E46E /* Assets.xcassets */; };
		1E7329051D7813740027E46E /* LaunchScreen.storyboard in Resources */ = {isa = PBXBuildFile; fileRef = 1E7329031D7813740027E46E /* LaunchScreen.storyboard */; };
		1E7329101D7813750027E46E /* BelarusNewsTests.m in Sources */ = {isa = PBXBuildFile; fileRef = 1E73290F1D7813750027E46E /* BelarusNewsTests.m */; };
		1E73291B1D7813750027E46E /* BelarusNewsUITests.m in Sources */ = {isa = PBXBuildFile; fileRef = 1E73291A1D7813750027E46E /* BelarusNewsUITests.m */; };
		1E73292B1D7813B50027E46E /* Constants.m in Sources */ = {isa = PBXBuildFile; fileRef = 1E73292A1D7813B50027E46E /* Constants.m */; };
		1E7329301D7814620027E46E /* NewsTableView.m in Sources */ = {isa = PBXBuildFile; fileRef = 1E73292F1D7814620027E46E /* NewsTableView.m */; };
		1E7329361D7814C00027E46E /* NewsTableViewCell.m in Sources */ = {isa = PBXBuildFile; fileRef = 1E7329351D7814C00027E46E /* NewsTableViewCell.m */; };
		1E7329441D781E980027E46E /* XMLParser.m in Sources */ = {isa = PBXBuildFile; fileRef = 1E7329431D781E980027E46E /* XMLParser.m */; };
		1E7329471D7836400027E46E /* ParserManager.m in Sources */ = {isa = PBXBuildFile; fileRef = 1E7329461D7836400027E46E /* ParserManager.m */; };
		1E7329551D7848530027E46E /* DetailsViewController.m in Sources */ = {isa = PBXBuildFile; fileRef = 1E7329541D7848530027E46E /* DetailsViewController.m */; };
		1E91CFDF1E600F0A00CB60EB /* SettingsRoundImagesCell.m in Sources */ = {isa = PBXBuildFile; fileRef = 1E91CFDE1E600F0A00CB60EB /* SettingsRoundImagesCell.m */; };
		1E91CFE81E60616500CB60EB /* SettingsCityCell.m in Sources */ = {isa = PBXBuildFile; fileRef = 1E91CFE71E60616500CB60EB /* SettingsCityCell.m */; };
		1E91CFF61E60788300CB60EB /* LocationAutoCompleteController.m in Sources */ = {isa = PBXBuildFile; fileRef = 1E91CFF51E60788300CB60EB /* LocationAutoCompleteController.m */; };
		1E91CFF81E640C1700CB60EB /* GoogleService-Info.plist in Resources */ = {isa = PBXBuildFile; fileRef = 1E91CFF71E640C1700CB60EB /* GoogleService-Info.plist */; };
		1E91CFFA1E6414B000CB60EB /* AdSupport.framework in Frameworks */ = {isa = PBXBuildFile; fileRef = 1E91CFF91E6414B000CB60EB /* AdSupport.framework */; };
		1E91CFFC1E64188700CB60EB /* iAd.framework in Frameworks */ = {isa = PBXBuildFile; fileRef = 1E91CFFB1E64188700CB60EB /* iAd.framework */; };
		1EFD659D1E13C80000F5BA4D /* DetailsOfflineVCViewController.m in Sources */ = {isa = PBXBuildFile; fileRef = 1EFD659C1E13C80000F5BA4D /* DetailsOfflineVCViewController.m */; };
		1EFD65A41E13EABE00F5BA4D /* SettingsVC.m in Sources */ = {isa = PBXBuildFile; fileRef = 1EFD65A31E13EABE00F5BA4D /* SettingsVC.m */; };
		1EFD65A81E13EE4300F5BA4D /* SettingsOfflineCell.m in Sources */ = {isa = PBXBuildFile; fileRef = 1EFD65A71E13EE4300F5BA4D /* SettingsOfflineCell.m */; };
		1EFE91761E1FAC76008CA308 /* SettingsNotificationsCell.m in Sources */ = {isa = PBXBuildFile; fileRef = 1EFE91751E1FAC76008CA308 /* SettingsNotificationsCell.m */; };
		1EFE917A1E237908008CA308 /* Utils.m in Sources */ = {isa = PBXBuildFile; fileRef = 1EFE91791E237908008CA308 /* Utils.m */; };
		1EFE91851E23BF07008CA308 /* UserNotifications.framework in Frameworks */ = {isa = PBXBuildFile; fileRef = 1EFE91841E23BF06008CA308 /* UserNotifications.framework */; };
		664E982BCAA093BEE2B33250 /* libPods-BelarusNews.a in Frameworks */ = {isa = PBXBuildFile; fileRef = 3D68C11FB67ED6A701E3F2D2 /* libPods-BelarusNews.a */; };
		843B7B561DF35E27001532A4 /* RootViewController.m in Sources */ = {isa = PBXBuildFile; fileRef = 843B7B551DF35E27001532A4 /* RootViewController.m */; };
		844A9FD21DF0EE2B00917832 /* MenuViewController.m in Sources */ = {isa = PBXBuildFile; fileRef = 844A9FD11DF0EE2A00917832 /* MenuViewController.m */; };
		84702F881DF8887C005CE945 /* Localizable.strings in Resources */ = {isa = PBXBuildFile; fileRef = 84702F8A1DF8887C005CE945 /* Localizable.strings */; };
		84FF333C1E1DCE0B002847AB /* FeTenDot.m in Sources */ = {isa = PBXBuildFile; fileRef = 84FF333B1E1DCE0B002847AB /* FeTenDot.m */; };
		84FF33411E1DCEAC002847AB /* FXBlurView.m in Sources */ = {isa = PBXBuildFile; fileRef = 84FF333E1E1DCEAC002847AB /* FXBlurView.m */; };
		84FF33421E1DCEAC002847AB /* UIColor+flat.m in Sources */ = {isa = PBXBuildFile; fileRef = 84FF33401E1DCEAC002847AB /* UIColor+flat.m */; };
		84FF33451E1DD00F002847AB /* FeSpinnerTenDot.m in Sources */ = {isa = PBXBuildFile; fileRef = 84FF33441E1DD00F002847AB /* FeSpinnerTenDot.m */; };
/* End PBXBuildFile section */

/* Begin PBXContainerItemProxy section */
		1E73290C1D7813750027E46E /* PBXContainerItemProxy */ = {
			isa = PBXContainerItemProxy;
			containerPortal = 1E7328E71D7813740027E46E /* Project object */;
			proxyType = 1;
			remoteGlobalIDString = 1E7328EE1D7813740027E46E;
			remoteInfo = KinopoiskParserObj;
		};
		1E7329171D7813750027E46E /* PBXContainerItemProxy */ = {
			isa = PBXContainerItemProxy;
			containerPortal = 1E7328E71D7813740027E46E /* Project object */;
			proxyType = 1;
			remoteGlobalIDString = 1E7328EE1D7813740027E46E;
			remoteInfo = KinopoiskParserObj;
		};
/* End PBXContainerItemProxy section */

/* Begin PBXCopyFilesBuildPhase section */
		1E11C9431DDDA10200D55B28 /* Embed Frameworks */ = {
			isa = PBXCopyFilesBuildPhase;
			buildActionMask = 2147483647;
			dstPath = "";
			dstSubfolderSpec = 10;
			files = (
			);
			name = "Embed Frameworks";
			runOnlyForDeploymentPostprocessing = 0;
		};
/* End PBXCopyFilesBuildPhase section */

/* Begin PBXFileReference section */
		1E0FE3471E6EB1300009BC26 /* DataManager.h */ = {isa = PBXFileReference; fileEncoding = 4; lastKnownFileType = sourcecode.c.h; path = DataManager.h; sourceTree = "<group>"; };
		1E0FE3481E6EB1300009BC26 /* DataManager.m */ = {isa = PBXFileReference; fileEncoding = 4; lastKnownFileType = sourcecode.c.objc; path = DataManager.m; sourceTree = "<group>"; };
		1E0FE3491E6EB1300009BC26 /* DateFormatterManager.h */ = {isa = PBXFileReference; fileEncoding = 4; lastKnownFileType = sourcecode.c.h; path = DateFormatterManager.h; sourceTree = "<group>"; };
		1E0FE34A1E6EB1300009BC26 /* DateFormatterManager.m */ = {isa = PBXFileReference; fileEncoding = 4; lastKnownFileType = sourcecode.c.objc; path = DateFormatterManager.m; sourceTree = "<group>"; };
		1E0FE34B1E6EB1300009BC26 /* ForecastManager.h */ = {isa = PBXFileReference; fileEncoding = 4; lastKnownFileType = sourcecode.c.h; path = ForecastManager.h; sourceTree = "<group>"; };
		1E0FE34C1E6EB1300009BC26 /* ForecastManager.m */ = {isa = PBXFileReference; fileEncoding = 4; lastKnownFileType = sourcecode.c.objc; path = ForecastManager.m; sourceTree = "<group>"; };
		1E0FE34D1E6EB1300009BC26 /* NotificationManager.h */ = {isa = PBXFileReference; fileEncoding = 4; lastKnownFileType = sourcecode.c.h; path = NotificationManager.h; sourceTree = "<group>"; };
		1E0FE34E1E6EB1300009BC26 /* NotificationManager.m */ = {isa = PBXFileReference; fileEncoding = 4; lastKnownFileType = sourcecode.c.objc; path = NotificationManager.m; sourceTree = "<group>"; };
		1E0FE34F1E6EB1300009BC26 /* RealmDataManager.h */ = {isa = PBXFileReference; fileEncoding = 4; lastKnownFileType = sourcecode.c.h; path = RealmDataManager.h; sourceTree = "<group>"; };
		1E0FE3501E6EB1300009BC26 /* RealmDataManager.m */ = {isa = PBXFileReference; fileEncoding = 4; lastKnownFileType = sourcecode.c.objc; path = RealmDataManager.m; sourceTree = "<group>"; };
		1E0FE3511E6EB1300009BC26 /* RemoteFacade.h */ = {isa = PBXFileReference; fileEncoding = 4; lastKnownFileType = sourcecode.c.h; path = RemoteFacade.h; sourceTree = "<group>"; };
		1E0FE3521E6EB1300009BC26 /* RemoteFacade.m */ = {isa = PBXFileReference; fileEncoding = 4; lastKnownFileType = sourcecode.c.objc; path = RemoteFacade.m; sourceTree = "<group>"; };
		1E0FE3531E6EB1300009BC26 /* SearchManager.h */ = {isa = PBXFileReference; fileEncoding = 4; lastKnownFileType = sourcecode.c.h; path = SearchManager.h; sourceTree = "<group>"; };
		1E0FE3541E6EB1300009BC26 /* SearchManager.m */ = {isa = PBXFileReference; fileEncoding = 4; lastKnownFileType = sourcecode.c.objc; path = SearchManager.m; sourceTree = "<group>"; };
		1E0FE3551E6EB1300009BC26 /* SettingsManager.h */ = {isa = PBXFileReference; fileEncoding = 4; lastKnownFileType = sourcecode.c.h; path = SettingsManager.h; sourceTree = "<group>"; };
		1E0FE3561E6EB1300009BC26 /* SettingsManager.m */ = {isa = PBXFileReference; fileEncoding = 4; lastKnownFileType = sourcecode.c.objc; path = SettingsManager.m; sourceTree = "<group>"; };
		1E0FE3571E6EB1300009BC26 /* ShareManager.h */ = {isa = PBXFileReference; fileEncoding = 4; lastKnownFileType = sourcecode.c.h; path = ShareManager.h; sourceTree = "<group>"; };
		1E0FE3581E6EB1300009BC26 /* ShareManager.m */ = {isa = PBXFileReference; fileEncoding = 4; lastKnownFileType = sourcecode.c.objc; path = ShareManager.m; sourceTree = "<group>"; };
		1E0FE3591E6EB1300009BC26 /* UserDefaultsManager.h */ = {isa = PBXFileReference; fileEncoding = 4; lastKnownFileType = sourcecode.c.h; path = UserDefaultsManager.h; sourceTree = "<group>"; };
		1E0FE35A1E6EB1300009BC26 /* UserDefaultsManager.m */ = {isa = PBXFileReference; fileEncoding = 4; lastKnownFileType = sourcecode.c.objc; path = UserDefaultsManager.m; sourceTree = "<group>"; };
		1E0FE3671E6EB1460009BC26 /* CityObject.h */ = {isa = PBXFileReference; fileEncoding = 4; lastKnownFileType = sourcecode.c.h; path = CityObject.h; sourceTree = "<group>"; };
		1E0FE3681E6EB1460009BC26 /* CityObject.m */ = {isa = PBXFileReference; fileEncoding = 4; lastKnownFileType = sourcecode.c.objc; path = CityObject.m; sourceTree = "<group>"; };
		1E0FE3691E6EB1460009BC26 /* ForecastObject.h */ = {isa = PBXFileReference; fileEncoding = 4; lastKnownFileType = sourcecode.c.h; path = ForecastObject.h; sourceTree = "<group>"; };
		1E0FE36A1E6EB1460009BC26 /* ForecastObject.m */ = {isa = PBXFileReference; fileEncoding = 4; lastKnownFileType = sourcecode.c.objc; path = ForecastObject.m; sourceTree = "<group>"; };
		1E0FE36B1E6EB1460009BC26 /* NewsEntity.h */ = {isa = PBXFileReference; fileEncoding = 4; lastKnownFileType = sourcecode.c.h; path = NewsEntity.h; sourceTree = "<group>"; };
		1E0FE36C1E6EB1460009BC26 /* NewsEntity.m */ = {isa = PBXFileReference; fileEncoding = 4; lastKnownFileType = sourcecode.c.objc; path = NewsEntity.m; sourceTree = "<group>"; };
		1E0FE37B1E6EE73A0009BC26 /* CFShareCircleView.h */ = {isa = PBXFileReference; fileEncoding = 4; lastKnownFileType = sourcecode.c.h; path = CFShareCircleView.h; sourceTree = "<group>"; };
		1E0FE37C1E6EE73A0009BC26 /* CFShareCircleView.m */ = {isa = PBXFileReference; fileEncoding = 4; lastKnownFileType = sourcecode.c.objc; path = CFShareCircleView.m; sourceTree = "<group>"; };
		1E0FE37D1E6EE73A0009BC26 /* CFSharer.h */ = {isa = PBXFileReference; fileEncoding = 4; lastKnownFileType = sourcecode.c.h; path = CFSharer.h; sourceTree = "<group>"; };
		1E0FE37E1E6EE73A0009BC26 /* CFSharer.m */ = {isa = PBXFileReference; fileEncoding = 4; lastKnownFileType = sourcecode.c.objc; path = CFSharer.m; sourceTree = "<group>"; };
		1E0FE37F1E6EE73A0009BC26 /* LICENSE */ = {isa = PBXFileReference; fileEncoding = 4; lastKnownFileType = text; path = LICENSE; sourceTree = "<group>"; };
		1E0FE3801E6EE73A0009BC26 /* README.md */ = {isa = PBXFileReference; fileEncoding = 4; lastKnownFileType = net.daringfireball.markdown; path = README.md; sourceTree = "<group>"; };
		1E0FE3821E6EE73A0009BC26 /* camera_roll.png */ = {isa = PBXFileReference; lastKnownFileType = image.png; path = camera_roll.png; sourceTree = "<group>"; };
		1E0FE3831E6EE73A0009BC26 /* camera_roll@2x.png */ = {isa = PBXFileReference; lastKnownFileType = image.png; path = "camera_roll@2x.png"; sourceTree = "<group>"; };
		1E0FE3841E6EE73A0009BC26 /* close.png */ = {isa = PBXFileReference; lastKnownFileType = image.png; path = close.png; sourceTree = "<group>"; };
		1E0FE3851E6EE73A0009BC26 /* close@2x.png */ = {isa = PBXFileReference; lastKnownFileType = image.png; path = "close@2x.png"; sourceTree = "<group>"; };
		1E0FE3861E6EE73A0009BC26 /* dropbox.png */ = {isa = PBXFileReference; lastKnownFileType = image.png; path = dropbox.png; sourceTree = "<group>"; };
		1E0FE3871E6EE73A0009BC26 /* dropbox@2x.png */ = {isa = PBXFileReference; lastKnownFileType = image.png; path = "dropbox@2x.png"; sourceTree = "<group>"; };
		1E0FE3881E6EE73A0009BC26 /* evernote.png */ = {isa = PBXFileReference; lastKnownFileType = image.png; path = evernote.png; sourceTree = "<group>"; };
		1E0FE3891E6EE73A0009BC26 /* evernote@2x.png */ = {isa = PBXFileReference; lastKnownFileType = image.png; path = "evernote@2x.png"; sourceTree = "<group>"; };
		1E0FE38A1E6EE73A0009BC26 /* facebook.png */ = {isa = PBXFileReference; lastKnownFileType = image.png; path = facebook.png; sourceTree = "<group>"; };
		1E0FE38B1E6EE73A0009BC26 /* facebook@2x.png */ = {isa = PBXFileReference; lastKnownFileType = image.png; path = "facebook@2x.png"; sourceTree = "<group>"; };
		1E0FE38C1E6EE73A0009BC26 /* google_drive.png */ = {isa = PBXFileReference; lastKnownFileType = image.png; path = google_drive.png; sourceTree = "<group>"; };
		1E0FE38D1E6EE73A0009BC26 /* google_drive@2x.png */ = {isa = PBXFileReference; lastKnownFileType = image.png; path = "google_drive@2x.png"; sourceTree = "<group>"; };
		1E0FE38E1E6EE73A0009BC26 /* mail.png */ = {isa = PBXFileReference; lastKnownFileType = image.png; path = mail.png; sourceTree = "<group>"; };
		1E0FE38F1E6EE73A0009BC26 /* mail@2x.png */ = {isa = PBXFileReference; lastKnownFileType = image.png; path = "mail@2x.png"; sourceTree = "<group>"; };
		1E0FE3901E6EE73A0009BC26 /* more copy.png */ = {isa = PBXFileReference; lastKnownFileType = image.png; path = "more copy.png"; sourceTree = "<group>"; };
		1E0FE3911E6EE73A0009BC26 /* more@2x copy.png */ = {isa = PBXFileReference; lastKnownFileType = image.png; path = "more@2x copy.png"; sourceTree = "<group>"; };
		1E0FE3921E6EE73A0009BC26 /* pinterest copy.png */ = {isa = PBXFileReference; lastKnownFileType = image.png; path = "pinterest copy.png"; sourceTree = "<group>"; };
		1E0FE3931E6EE73A0009BC26 /* pinterest.png */ = {isa = PBXFileReference; lastKnownFileType = image.png; path = pinterest.png; sourceTree = "<group>"; };
		1E0FE3941E6EE73A0009BC26 /* pinterest@2x copy.png */ = {isa = PBXFileReference; lastKnownFileType = image.png; path = "pinterest@2x copy.png"; sourceTree = "<group>"; };
		1E0FE3951E6EE73A0009BC26 /* pinterest@2x.png */ = {isa = PBXFileReference; lastKnownFileType = image.png; path = "pinterest@2x.png"; sourceTree = "<group>"; };
		1E0FE3961E6EE73A0009BC26 /* print.png */ = {isa = PBXFileReference; lastKnownFileType = image.png; path = print.png; sourceTree = "<group>"; };
		1E0FE3971E6EE73A0009BC26 /* print@2x.png */ = {isa = PBXFileReference; lastKnownFileType = image.png; path = "print@2x.png"; sourceTree = "<group>"; };
		1E0FE3981E6EE73A0009BC26 /* twitter copy.png */ = {isa = PBXFileReference; lastKnownFileType = image.png; path = "twitter copy.png"; sourceTree = "<group>"; };
		1E0FE3991E6EE73A0009BC26 /* twitter.png */ = {isa = PBXFileReference; lastKnownFileType = image.png; path = twitter.png; sourceTree = "<group>"; };
		1E0FE39A1E6EE73A0009BC26 /* twitter@2x copy.png */ = {isa = PBXFileReference; lastKnownFileType = image.png; path = "twitter@2x copy.png"; sourceTree = "<group>"; };
		1E0FE39B1E6EE73A0009BC26 /* twitter@2x.png */ = {isa = PBXFileReference; lastKnownFileType = image.png; path = "twitter@2x.png"; sourceTree = "<group>"; };
		1E12860F1E5D6E4B00D2899D /* SettingsNightModeCellTableViewCell.h */ = {isa = PBXFileReference; fileEncoding = 4; lastKnownFileType = sourcecode.c.h; path = SettingsNightModeCellTableViewCell.h; sourceTree = "<group>"; };
		1E1286101E5D6E4B00D2899D /* SettingsNightModeCellTableViewCell.m */ = {isa = PBXFileReference; fileEncoding = 4; lastKnownFileType = sourcecode.c.objc; path = SettingsNightModeCellTableViewCell.m; sourceTree = "<group>"; };
		1E1286161E5D850600D2899D /* UIColor+BelarusNews.h */ = {isa = PBXFileReference; fileEncoding = 4; lastKnownFileType = sourcecode.c.h; path = "UIColor+BelarusNews.h"; sourceTree = "<group>"; };
		1E1286171E5D850600D2899D /* UIColor+BelarusNews.m */ = {isa = PBXFileReference; fileEncoding = 4; lastKnownFileType = sourcecode.c.objc; path = "UIColor+BelarusNews.m"; sourceTree = "<group>"; };
		1E1286191E5D916F00D2899D /* SettingsBaseCell.h */ = {isa = PBXFileReference; fileEncoding = 4; lastKnownFileType = sourcecode.c.h; path = SettingsBaseCell.h; sourceTree = "<group>"; };
		1E12861A1E5D916F00D2899D /* SettingsBaseCell.m */ = {isa = PBXFileReference; fileEncoding = 4; lastKnownFileType = sourcecode.c.objc; path = SettingsBaseCell.m; sourceTree = "<group>"; };
		1E1505031E83EC56009F235E /* UIViewController+ShowModal.h */ = {isa = PBXFileReference; fileEncoding = 4; lastKnownFileType = sourcecode.c.h; name = "UIViewController+ShowModal.h"; path = "../../../../../Helpers/ModalController/UIViewController+ShowModal.h"; sourceTree = "<group>"; };
		1E1505041E83EC56009F235E /* UIViewController+ShowModal.m */ = {isa = PBXFileReference; fileEncoding = 4; lastKnownFileType = sourcecode.c.objc; name = "UIViewController+ShowModal.m"; path = "../../../../../Helpers/ModalController/UIViewController+ShowModal.m"; sourceTree = "<group>"; };
		1E1505061E83ECAF009F235E /* WebLinkViewController.h */ = {isa = PBXFileReference; fileEncoding = 4; lastKnownFileType = sourcecode.c.h; path = WebLinkViewController.h; sourceTree = "<group>"; };
		1E1505071E83ECAF009F235E /* WebLinkViewController.m */ = {isa = PBXFileReference; fileEncoding = 4; lastKnownFileType = sourcecode.c.objc; path = WebLinkViewController.m; sourceTree = "<group>"; };
		1E1505091E83ECD7009F235E /* ModalViewController.h */ = {isa = PBXFileReference; fileEncoding = 4; lastKnownFileType = sourcecode.c.h; name = ModalViewController.h; path = ../../../../../Helpers/ModalController/ModalViewController.h; sourceTree = "<group>"; };
		1E15050A1E83ECD7009F235E /* ModalViewController.m */ = {isa = PBXFileReference; fileEncoding = 4; lastKnownFileType = sourcecode.c.objc; name = ModalViewController.m; path = ../../../../../Helpers/ModalController/ModalViewController.m; sourceTree = "<group>"; };
		1E15050F1E83EDC4009F235E /* Base */ = {isa = PBXFileReference; lastKnownFileType = file.storyboard; name = Base; path = Base.lproj/Modals.storyboard; sourceTree = "<group>"; };
		1E1505121E83EDCF009F235E /* en */ = {isa = PBXFileReference; lastKnownFileType = text.plist.strings; name = en; path = en.lproj/Modals.strings; sourceTree = "<group>"; };
		1E1505141E83EDD1009F235E /* ru */ = {isa = PBXFileReference; lastKnownFileType = text.plist.strings; name = ru; path = ru.lproj/Modals.strings; sourceTree = "<group>"; };
		1E1D3A9E1DE47D9F00D6C00C /* Macros.h */ = {isa = PBXFileReference; fileEncoding = 4; lastKnownFileType = sourcecode.c.h; path = Macros.h; sourceTree = "<group>"; };
		1E2666901E127AD6001DF2A2 /* INSSearchBar.h */ = {isa = PBXFileReference; fileEncoding = 4; lastKnownFileType = sourcecode.c.h; path = INSSearchBar.h; sourceTree = "<group>"; };
		1E2666911E127AD6001DF2A2 /* INSSearchBar.m */ = {isa = PBXFileReference; fileEncoding = 4; lastKnownFileType = sourcecode.c.objc; path = INSSearchBar.m; sourceTree = "<group>"; };
		1E4C8C621E56D8FB00B2ED44 /* SettingsAutoupdateCell.h */ = {isa = PBXFileReference; fileEncoding = 4; lastKnownFileType = sourcecode.c.h; path = SettingsAutoupdateCell.h; sourceTree = "<group>"; };
		1E4C8C631E56D8FB00B2ED44 /* SettingsAutoupdateCell.m */ = {isa = PBXFileReference; fileEncoding = 4; lastKnownFileType = sourcecode.c.objc; path = SettingsAutoupdateCell.m; sourceTree = "<group>"; };
		1E640B331E0A85FC00AA539C /* NSString+ZLStringSize.h */ = {isa = PBXFileReference; fileEncoding = 4; lastKnownFileType = sourcecode.c.h; path = "NSString+ZLStringSize.h"; sourceTree = "<group>"; };
		1E640B341E0A85FC00AA539C /* NSString+ZLStringSize.m */ = {isa = PBXFileReference; fileEncoding = 4; lastKnownFileType = sourcecode.c.objc; path = "NSString+ZLStringSize.m"; sourceTree = "<group>"; };
		1E640B371E0A85FC00AA539C /* MASCompositeConstraint.h */ = {isa = PBXFileReference; fileEncoding = 4; lastKnownFileType = sourcecode.c.h; path = MASCompositeConstraint.h; sourceTree = "<group>"; };
		1E640B381E0A85FC00AA539C /* MASCompositeConstraint.m */ = {isa = PBXFileReference; fileEncoding = 4; lastKnownFileType = sourcecode.c.objc; path = MASCompositeConstraint.m; sourceTree = "<group>"; };
		1E640B391E0A85FC00AA539C /* MASConstraint+Private.h */ = {isa = PBXFileReference; fileEncoding = 4; lastKnownFileType = sourcecode.c.h; path = "MASConstraint+Private.h"; sourceTree = "<group>"; };
		1E640B3A1E0A85FC00AA539C /* MASConstraint.h */ = {isa = PBXFileReference; fileEncoding = 4; lastKnownFileType = sourcecode.c.h; path = MASConstraint.h; sourceTree = "<group>"; };
		1E640B3B1E0A85FC00AA539C /* MASConstraint.m */ = {isa = PBXFileReference; fileEncoding = 4; lastKnownFileType = sourcecode.c.objc; path = MASConstraint.m; sourceTree = "<group>"; };
		1E640B3C1E0A85FC00AA539C /* MASConstraintMaker.h */ = {isa = PBXFileReference; fileEncoding = 4; lastKnownFileType = sourcecode.c.h; path = MASConstraintMaker.h; sourceTree = "<group>"; };
		1E640B3D1E0A85FC00AA539C /* MASConstraintMaker.m */ = {isa = PBXFileReference; fileEncoding = 4; lastKnownFileType = sourcecode.c.objc; path = MASConstraintMaker.m; sourceTree = "<group>"; };
		1E640B3E1E0A85FC00AA539C /* MASLayoutConstraint.h */ = {isa = PBXFileReference; fileEncoding = 4; lastKnownFileType = sourcecode.c.h; path = MASLayoutConstraint.h; sourceTree = "<group>"; };
		1E640B3F1E0A85FC00AA539C /* MASLayoutConstraint.m */ = {isa = PBXFileReference; fileEncoding = 4; lastKnownFileType = sourcecode.c.objc; path = MASLayoutConstraint.m; sourceTree = "<group>"; };
		1E640B401E0A85FC00AA539C /* Masonry.h */ = {isa = PBXFileReference; fileEncoding = 4; lastKnownFileType = sourcecode.c.h; path = Masonry.h; sourceTree = "<group>"; };
		1E640B411E0A85FC00AA539C /* MASUtilities.h */ = {isa = PBXFileReference; fileEncoding = 4; lastKnownFileType = sourcecode.c.h; path = MASUtilities.h; sourceTree = "<group>"; };
		1E640B421E0A85FC00AA539C /* MASViewAttribute.h */ = {isa = PBXFileReference; fileEncoding = 4; lastKnownFileType = sourcecode.c.h; path = MASViewAttribute.h; sourceTree = "<group>"; };
		1E640B431E0A85FC00AA539C /* MASViewAttribute.m */ = {isa = PBXFileReference; fileEncoding = 4; lastKnownFileType = sourcecode.c.objc; path = MASViewAttribute.m; sourceTree = "<group>"; };
		1E640B441E0A85FC00AA539C /* MASViewConstraint.h */ = {isa = PBXFileReference; fileEncoding = 4; lastKnownFileType = sourcecode.c.h; path = MASViewConstraint.h; sourceTree = "<group>"; };
		1E640B451E0A85FC00AA539C /* MASViewConstraint.m */ = {isa = PBXFileReference; fileEncoding = 4; lastKnownFileType = sourcecode.c.objc; path = MASViewConstraint.m; sourceTree = "<group>"; };
		1E640B461E0A85FC00AA539C /* NSArray+MASAdditions.h */ = {isa = PBXFileReference; fileEncoding = 4; lastKnownFileType = sourcecode.c.h; path = "NSArray+MASAdditions.h"; sourceTree = "<group>"; };
		1E640B471E0A85FC00AA539C /* NSArray+MASAdditions.m */ = {isa = PBXFileReference; fileEncoding = 4; lastKnownFileType = sourcecode.c.objc; path = "NSArray+MASAdditions.m"; sourceTree = "<group>"; };
		1E640B481E0A85FC00AA539C /* NSArray+MASShorthandAdditions.h */ = {isa = PBXFileReference; fileEncoding = 4; lastKnownFileType = sourcecode.c.h; path = "NSArray+MASShorthandAdditions.h"; sourceTree = "<group>"; };
		1E640B491E0A85FC00AA539C /* NSLayoutConstraint+MASDebugAdditions.h */ = {isa = PBXFileReference; fileEncoding = 4; lastKnownFileType = sourcecode.c.h; path = "NSLayoutConstraint+MASDebugAdditions.h"; sourceTree = "<group>"; };
		1E640B4A1E0A85FC00AA539C /* NSLayoutConstraint+MASDebugAdditions.m */ = {isa = PBXFileReference; fileEncoding = 4; lastKnownFileType = sourcecode.c.objc; path = "NSLayoutConstraint+MASDebugAdditions.m"; sourceTree = "<group>"; };
		1E640B4B1E0A85FC00AA539C /* View+MASAdditions.h */ = {isa = PBXFileReference; fileEncoding = 4; lastKnownFileType = sourcecode.c.h; path = "View+MASAdditions.h"; sourceTree = "<group>"; };
		1E640B4C1E0A85FC00AA539C /* View+MASAdditions.m */ = {isa = PBXFileReference; fileEncoding = 4; lastKnownFileType = sourcecode.c.objc; path = "View+MASAdditions.m"; sourceTree = "<group>"; };
		1E640B4D1E0A85FC00AA539C /* View+MASShorthandAdditions.h */ = {isa = PBXFileReference; fileEncoding = 4; lastKnownFileType = sourcecode.c.h; path = "View+MASShorthandAdditions.h"; sourceTree = "<group>"; };
		1E640B4E1E0A85FC00AA539C /* ViewController+MASAdditions.h */ = {isa = PBXFileReference; fileEncoding = 4; lastKnownFileType = sourcecode.c.h; path = "ViewController+MASAdditions.h"; sourceTree = "<group>"; };
		1E640B4F1E0A85FC00AA539C /* ViewController+MASAdditions.m */ = {isa = PBXFileReference; fileEncoding = 4; lastKnownFileType = sourcecode.c.objc; path = "ViewController+MASAdditions.m"; sourceTree = "<group>"; };
		1E640B501E0A85FC00AA539C /* ZLDropDownMenu.h */ = {isa = PBXFileReference; fileEncoding = 4; lastKnownFileType = sourcecode.c.h; path = ZLDropDownMenu.h; sourceTree = "<group>"; };
		1E640B511E0A85FC00AA539C /* ZLDropDownMenu.m */ = {isa = PBXFileReference; fileEncoding = 4; lastKnownFileType = sourcecode.c.objc; path = ZLDropDownMenu.m; sourceTree = "<group>"; };
		1E640B521E0A85FC00AA539C /* ZLDropDownMenuCollectionViewCell.h */ = {isa = PBXFileReference; fileEncoding = 4; lastKnownFileType = sourcecode.c.h; path = ZLDropDownMenuCollectionViewCell.h; sourceTree = "<group>"; };
		1E640B531E0A85FC00AA539C /* ZLDropDownMenuCollectionViewCell.m */ = {isa = PBXFileReference; fileEncoding = 4; lastKnownFileType = sourcecode.c.objc; path = ZLDropDownMenuCollectionViewCell.m; sourceTree = "<group>"; };
		1E640B541E0A85FC00AA539C /* ZLDropDownMenuTitleButton.h */ = {isa = PBXFileReference; fileEncoding = 4; lastKnownFileType = sourcecode.c.h; path = ZLDropDownMenuTitleButton.h; sourceTree = "<group>"; };
		1E640B551E0A85FC00AA539C /* ZLDropDownMenuTitleButton.m */ = {isa = PBXFileReference; fileEncoding = 4; lastKnownFileType = sourcecode.c.objc; path = ZLDropDownMenuTitleButton.m; sourceTree = "<group>"; };
		1E640B561E0A85FC00AA539C /* ZLDropDownMenuUICalc.h */ = {isa = PBXFileReference; fileEncoding = 4; lastKnownFileType = sourcecode.c.h; path = ZLDropDownMenuUICalc.h; sourceTree = "<group>"; };
		1E640B571E0A85FC00AA539C /* ZLDropDownMenuUICalc.m */ = {isa = PBXFileReference; fileEncoding = 4; lastKnownFileType = sourcecode.c.objc; path = ZLDropDownMenuUICalc.m; sourceTree = "<group>"; };
		1E7328EF1D7813740027E46E /* BelarusNews.app */ = {isa = PBXFileReference; explicitFileType = wrapper.application; includeInIndex = 0; path = BelarusNews.app; sourceTree = BUILT_PRODUCTS_DIR; };
		1E7328F31D7813740027E46E /* main.m */ = {isa = PBXFileReference; lastKnownFileType = sourcecode.c.objc; path = main.m; sourceTree = "<group>"; };
		1E7328F51D7813740027E46E /* AppDelegate.h */ = {isa = PBXFileReference; lastKnownFileType = sourcecode.c.h; path = AppDelegate.h; sourceTree = "<group>"; };
		1E7328F61D7813740027E46E /* AppDelegate.m */ = {isa = PBXFileReference; lastKnownFileType = sourcecode.c.objc; path = AppDelegate.m; sourceTree = "<group>"; };
		1E7328FC1D7813740027E46E /* Base */ = {isa = PBXFileReference; lastKnownFileType = file.storyboard; name = Base; path = Base.lproj/Main.storyboard; sourceTree = "<group>"; };
		1E7329011D7813740027E46E /* Assets.xcassets */ = {isa = PBXFileReference; lastKnownFileType = folder.assetcatalog; path = Assets.xcassets; sourceTree = "<group>"; };
		1E7329041D7813740027E46E /* Base */ = {isa = PBXFileReference; lastKnownFileType = file.storyboard; name = Base; path = Base.lproj/LaunchScreen.storyboard; sourceTree = "<group>"; };
		1E7329061D7813740027E46E /* Info.plist */ = {isa = PBXFileReference; lastKnownFileType = text.plist.xml; path = Info.plist; sourceTree = "<group>"; };
		1E73290B1D7813750027E46E /* BelarusNewsTests.xctest */ = {isa = PBXFileReference; explicitFileType = wrapper.cfbundle; includeInIndex = 0; path = BelarusNewsTests.xctest; sourceTree = BUILT_PRODUCTS_DIR; };
		1E73290F1D7813750027E46E /* BelarusNewsTests.m */ = {isa = PBXFileReference; lastKnownFileType = sourcecode.c.objc; path = BelarusNewsTests.m; sourceTree = "<group>"; };
		1E7329111D7813750027E46E /* Info.plist */ = {isa = PBXFileReference; lastKnownFileType = text.plist.xml; path = Info.plist; sourceTree = "<group>"; };
		1E7329161D7813750027E46E /* BelarusNewsUITests.xctest */ = {isa = PBXFileReference; explicitFileType = wrapper.cfbundle; includeInIndex = 0; path = BelarusNewsUITests.xctest; sourceTree = BUILT_PRODUCTS_DIR; };
		1E73291A1D7813750027E46E /* BelarusNewsUITests.m */ = {isa = PBXFileReference; lastKnownFileType = sourcecode.c.objc; path = BelarusNewsUITests.m; sourceTree = "<group>"; };
		1E73291C1D7813750027E46E /* Info.plist */ = {isa = PBXFileReference; lastKnownFileType = text.plist.xml; path = Info.plist; sourceTree = "<group>"; };
		1E7329291D7813B50027E46E /* Constants.h */ = {isa = PBXFileReference; fileEncoding = 4; lastKnownFileType = sourcecode.c.h; path = Constants.h; sourceTree = "<group>"; };
		1E73292A1D7813B50027E46E /* Constants.m */ = {isa = PBXFileReference; fileEncoding = 4; lastKnownFileType = sourcecode.c.objc; path = Constants.m; sourceTree = "<group>"; };
		1E73292E1D7814620027E46E /* NewsTableView.h */ = {isa = PBXFileReference; fileEncoding = 4; lastKnownFileType = sourcecode.c.h; path = NewsTableView.h; sourceTree = "<group>"; };
		1E73292F1D7814620027E46E /* NewsTableView.m */ = {isa = PBXFileReference; fileEncoding = 4; lastKnownFileType = sourcecode.c.objc; path = NewsTableView.m; sourceTree = "<group>"; };
		1E7329341D7814C00027E46E /* NewsTableViewCell.h */ = {isa = PBXFileReference; fileEncoding = 4; lastKnownFileType = sourcecode.c.h; path = NewsTableViewCell.h; sourceTree = "<group>"; };
		1E7329351D7814C00027E46E /* NewsTableViewCell.m */ = {isa = PBXFileReference; fileEncoding = 4; lastKnownFileType = sourcecode.c.objc; path = NewsTableViewCell.m; sourceTree = "<group>"; };
		1E7329421D781E980027E46E /* XMLParser.h */ = {isa = PBXFileReference; fileEncoding = 4; lastKnownFileType = sourcecode.c.h; path = XMLParser.h; sourceTree = "<group>"; };
		1E7329431D781E980027E46E /* XMLParser.m */ = {isa = PBXFileReference; fileEncoding = 4; lastKnownFileType = sourcecode.c.objc; path = XMLParser.m; sourceTree = "<group>"; };
		1E7329451D7836400027E46E /* ParserManager.h */ = {isa = PBXFileReference; fileEncoding = 4; lastKnownFileType = sourcecode.c.h; path = ParserManager.h; sourceTree = "<group>"; };
		1E7329461D7836400027E46E /* ParserManager.m */ = {isa = PBXFileReference; fileEncoding = 4; lastKnownFileType = sourcecode.c.objc; path = ParserManager.m; sourceTree = "<group>"; };
		1E7329531D7848530027E46E /* DetailsViewController.h */ = {isa = PBXFileReference; fileEncoding = 4; lastKnownFileType = sourcecode.c.h; path = DetailsViewController.h; sourceTree = "<group>"; };
		1E7329541D7848530027E46E /* DetailsViewController.m */ = {isa = PBXFileReference; fileEncoding = 4; lastKnownFileType = sourcecode.c.objc; path = DetailsViewController.m; sourceTree = "<group>"; };
		1E91CFDD1E600F0A00CB60EB /* SettingsRoundImagesCell.h */ = {isa = PBXFileReference; fileEncoding = 4; lastKnownFileType = sourcecode.c.h; path = SettingsRoundImagesCell.h; sourceTree = "<group>"; };
		1E91CFDE1E600F0A00CB60EB /* SettingsRoundImagesCell.m */ = {isa = PBXFileReference; fileEncoding = 4; lastKnownFileType = sourcecode.c.objc; path = SettingsRoundImagesCell.m; sourceTree = "<group>"; };
		1E91CFE61E60616500CB60EB /* SettingsCityCell.h */ = {isa = PBXFileReference; fileEncoding = 4; lastKnownFileType = sourcecode.c.h; path = SettingsCityCell.h; sourceTree = "<group>"; };
		1E91CFE71E60616500CB60EB /* SettingsCityCell.m */ = {isa = PBXFileReference; fileEncoding = 4; lastKnownFileType = sourcecode.c.objc; path = SettingsCityCell.m; sourceTree = "<group>"; };
		1E91CFF41E60788300CB60EB /* LocationAutoCompleteController.h */ = {isa = PBXFileReference; fileEncoding = 4; lastKnownFileType = sourcecode.c.h; path = LocationAutoCompleteController.h; sourceTree = "<group>"; };
		1E91CFF51E60788300CB60EB /* LocationAutoCompleteController.m */ = {isa = PBXFileReference; fileEncoding = 4; lastKnownFileType = sourcecode.c.objc; path = LocationAutoCompleteController.m; sourceTree = "<group>"; };
		1E91CFF71E640C1700CB60EB /* GoogleService-Info.plist */ = {isa = PBXFileReference; fileEncoding = 4; lastKnownFileType = text.plist.xml; path = "GoogleService-Info.plist"; sourceTree = "<group>"; };
		1E91CFF91E6414B000CB60EB /* AdSupport.framework */ = {isa = PBXFileReference; lastKnownFileType = wrapper.framework; name = AdSupport.framework; path = System/Library/Frameworks/AdSupport.framework; sourceTree = SDKROOT; };
		1E91CFFB1E64188700CB60EB /* iAd.framework */ = {isa = PBXFileReference; lastKnownFileType = wrapper.framework; name = iAd.framework; path = System/Library/Frameworks/iAd.framework; sourceTree = SDKROOT; };
		1EFD659B1E13C80000F5BA4D /* DetailsOfflineVCViewController.h */ = {isa = PBXFileReference; fileEncoding = 4; lastKnownFileType = sourcecode.c.h; path = DetailsOfflineVCViewController.h; sourceTree = "<group>"; };
		1EFD659C1E13C80000F5BA4D /* DetailsOfflineVCViewController.m */ = {isa = PBXFileReference; fileEncoding = 4; lastKnownFileType = sourcecode.c.objc; path = DetailsOfflineVCViewController.m; sourceTree = "<group>"; };
		1EFD65A21E13EABE00F5BA4D /* SettingsVC.h */ = {isa = PBXFileReference; fileEncoding = 4; lastKnownFileType = sourcecode.c.h; path = SettingsVC.h; sourceTree = "<group>"; };
		1EFD65A31E13EABE00F5BA4D /* SettingsVC.m */ = {isa = PBXFileReference; fileEncoding = 4; lastKnownFileType = sourcecode.c.objc; path = SettingsVC.m; sourceTree = "<group>"; };
		1EFD65A61E13EE4300F5BA4D /* SettingsOfflineCell.h */ = {isa = PBXFileReference; fileEncoding = 4; lastKnownFileType = sourcecode.c.h; path = SettingsOfflineCell.h; sourceTree = "<group>"; };
		1EFD65A71E13EE4300F5BA4D /* SettingsOfflineCell.m */ = {isa = PBXFileReference; fileEncoding = 4; lastKnownFileType = sourcecode.c.objc; path = SettingsOfflineCell.m; sourceTree = "<group>"; };
		1EFD65AA1E13EEFF00F5BA4D /* SettingsCellDelegate.h */ = {isa = PBXFileReference; fileEncoding = 4; lastKnownFileType = sourcecode.c.h; path = SettingsCellDelegate.h; sourceTree = "<group>"; };
		1EFE91741E1FAC76008CA308 /* SettingsNotificationsCell.h */ = {isa = PBXFileReference; fileEncoding = 4; lastKnownFileType = sourcecode.c.h; path = SettingsNotificationsCell.h; sourceTree = "<group>"; };
		1EFE91751E1FAC76008CA308 /* SettingsNotificationsCell.m */ = {isa = PBXFileReference; fileEncoding = 4; lastKnownFileType = sourcecode.c.objc; path = SettingsNotificationsCell.m; sourceTree = "<group>"; };
		1EFE91781E237908008CA308 /* Utils.h */ = {isa = PBXFileReference; fileEncoding = 4; lastKnownFileType = sourcecode.c.h; path = Utils.h; sourceTree = "<group>"; };
		1EFE91791E237908008CA308 /* Utils.m */ = {isa = PBXFileReference; fileEncoding = 4; lastKnownFileType = sourcecode.c.objc; path = Utils.m; sourceTree = "<group>"; };
		1EFE91801E23841B008CA308 /* en */ = {isa = PBXFileReference; lastKnownFileType = text.plist.strings; name = en; path = en.lproj/LaunchScreen.strings; sourceTree = "<group>"; };
		1EFE91821E23841C008CA308 /* ru */ = {isa = PBXFileReference; lastKnownFileType = text.plist.strings; name = ru; path = ru.lproj/LaunchScreen.strings; sourceTree = "<group>"; };
		1EFE91841E23BF06008CA308 /* UserNotifications.framework */ = {isa = PBXFileReference; lastKnownFileType = wrapper.framework; name = UserNotifications.framework; path = System/Library/Frameworks/UserNotifications.framework; sourceTree = SDKROOT; };
		3D68C11FB67ED6A701E3F2D2 /* libPods-BelarusNews.a */ = {isa = PBXFileReference; explicitFileType = archive.ar; includeInIndex = 0; path = "libPods-BelarusNews.a"; sourceTree = BUILT_PRODUCTS_DIR; };
		843B7B541DF35E27001532A4 /* RootViewController.h */ = {isa = PBXFileReference; fileEncoding = 4; lastKnownFileType = sourcecode.c.h; path = RootViewController.h; sourceTree = "<group>"; };
		843B7B551DF35E27001532A4 /* RootViewController.m */ = {isa = PBXFileReference; fileEncoding = 4; lastKnownFileType = sourcecode.c.objc; path = RootViewController.m; sourceTree = "<group>"; };
		844A9FD01DF0EE2A00917832 /* MenuViewController.h */ = {isa = PBXFileReference; fileEncoding = 4; lastKnownFileType = sourcecode.c.h; path = MenuViewController.h; sourceTree = "<group>"; };
		844A9FD11DF0EE2A00917832 /* MenuViewController.m */ = {isa = PBXFileReference; fileEncoding = 4; lastKnownFileType = sourcecode.c.objc; path = MenuViewController.m; sourceTree = "<group>"; };
		84702F891DF8887C005CE945 /* Base */ = {isa = PBXFileReference; lastKnownFileType = text.plist.strings; name = Base; path = Base.lproj/Localizable.strings; sourceTree = "<group>"; };
		84702F8B1DF8888D005CE945 /* en */ = {isa = PBXFileReference; lastKnownFileType = text.plist.strings; name = en; path = en.lproj/Localizable.strings; sourceTree = "<group>"; };
		84702F8C1DF8888F005CE945 /* ru */ = {isa = PBXFileReference; lastKnownFileType = text.plist.strings; name = ru; path = ru.lproj/Localizable.strings; sourceTree = "<group>"; };
		84702F911DF88B5A005CE945 /* ru */ = {isa = PBXFileReference; lastKnownFileType = text.plist.strings; name = ru; path = ru.lproj/Main.strings; sourceTree = "<group>"; };
		84702F931DF88B6C005CE945 /* en */ = {isa = PBXFileReference; lastKnownFileType = text.plist.strings; name = en; path = en.lproj/Main.strings; sourceTree = "<group>"; };
		84FF333A1E1DCE0B002847AB /* FeTenDot.h */ = {isa = PBXFileReference; fileEncoding = 4; lastKnownFileType = sourcecode.c.h; path = FeTenDot.h; sourceTree = "<group>"; };
		84FF333B1E1DCE0B002847AB /* FeTenDot.m */ = {isa = PBXFileReference; fileEncoding = 4; lastKnownFileType = sourcecode.c.objc; path = FeTenDot.m; sourceTree = "<group>"; };
		84FF333D1E1DCEAC002847AB /* FXBlurView.h */ = {isa = PBXFileReference; fileEncoding = 4; lastKnownFileType = sourcecode.c.h; path = FXBlurView.h; sourceTree = "<group>"; };
		84FF333E1E1DCEAC002847AB /* FXBlurView.m */ = {isa = PBXFileReference; fileEncoding = 4; lastKnownFileType = sourcecode.c.objc; path = FXBlurView.m; sourceTree = "<group>"; };
		84FF333F1E1DCEAC002847AB /* UIColor+flat.h */ = {isa = PBXFileReference; fileEncoding = 4; lastKnownFileType = sourcecode.c.h; path = "UIColor+flat.h"; sourceTree = "<group>"; };
		84FF33401E1DCEAC002847AB /* UIColor+flat.m */ = {isa = PBXFileReference; fileEncoding = 4; lastKnownFileType = sourcecode.c.objc; path = "UIColor+flat.m"; sourceTree = "<group>"; };
		84FF33431E1DD00F002847AB /* FeSpinnerTenDot.h */ = {isa = PBXFileReference; fileEncoding = 4; lastKnownFileType = sourcecode.c.h; path = FeSpinnerTenDot.h; sourceTree = "<group>"; };
		84FF33441E1DD00F002847AB /* FeSpinnerTenDot.m */ = {isa = PBXFileReference; fileEncoding = 4; lastKnownFileType = sourcecode.c.objc; path = FeSpinnerTenDot.m; sourceTree = "<group>"; };
		C8F535F331C4612F868C9ADB /* Pods-BelarusNews.debug.xcconfig */ = {isa = PBXFileReference; includeInIndex = 1; lastKnownFileType = text.xcconfig; name = "Pods-BelarusNews.debug.xcconfig"; path = "Pods/Target Support Files/Pods-BelarusNews/Pods-BelarusNews.debug.xcconfig"; sourceTree = "<group>"; };
		E7A01196E7BF962BC35997F6 /* Pods-BelarusNews.release.xcconfig */ = {isa = PBXFileReference; includeInIndex = 1; lastKnownFileType = text.xcconfig; name = "Pods-BelarusNews.release.xcconfig"; path = "Pods/Target Support Files/Pods-BelarusNews/Pods-BelarusNews.release.xcconfig"; sourceTree = "<group>"; };
/* End PBXFileReference section */

/* Begin PBXFrameworksBuildPhase section */
		1E7328EC1D7813740027E46E /* Frameworks */ = {
			isa = PBXFrameworksBuildPhase;
			buildActionMask = 2147483647;
			files = (
				1E91CFFC1E64188700CB60EB /* iAd.framework in Frameworks */,
				1E91CFFA1E6414B000CB60EB /* AdSupport.framework in Frameworks */,
				1EFE91851E23BF07008CA308 /* UserNotifications.framework in Frameworks */,
				664E982BCAA093BEE2B33250 /* libPods-BelarusNews.a in Frameworks */,
			);
			runOnlyForDeploymentPostprocessing = 0;
		};
		1E7329081D7813750027E46E /* Frameworks */ = {
			isa = PBXFrameworksBuildPhase;
			buildActionMask = 2147483647;
			files = (
			);
			runOnlyForDeploymentPostprocessing = 0;
		};
		1E7329131D7813750027E46E /* Frameworks */ = {
			isa = PBXFrameworksBuildPhase;
			buildActionMask = 2147483647;
			files = (
			);
			runOnlyForDeploymentPostprocessing = 0;
		};
/* End PBXFrameworksBuildPhase section */

/* Begin PBXGroup section */
		1E0FE3461E6EB1300009BC26 /* Managers */ = {
			isa = PBXGroup;
			children = (
				1E0FE3471E6EB1300009BC26 /* DataManager.h */,
				1E0FE3481E6EB1300009BC26 /* DataManager.m */,
				1E0FE3491E6EB1300009BC26 /* DateFormatterManager.h */,
				1E0FE34A1E6EB1300009BC26 /* DateFormatterManager.m */,
				1E0FE34B1E6EB1300009BC26 /* ForecastManager.h */,
				1E0FE34C1E6EB1300009BC26 /* ForecastManager.m */,
				1E0FE34D1E6EB1300009BC26 /* NotificationManager.h */,
				1E0FE34E1E6EB1300009BC26 /* NotificationManager.m */,
				1E0FE34F1E6EB1300009BC26 /* RealmDataManager.h */,
				1E0FE3501E6EB1300009BC26 /* RealmDataManager.m */,
				1E0FE3511E6EB1300009BC26 /* RemoteFacade.h */,
				1E0FE3521E6EB1300009BC26 /* RemoteFacade.m */,
				1E0FE3531E6EB1300009BC26 /* SearchManager.h */,
				1E0FE3541E6EB1300009BC26 /* SearchManager.m */,
				1E0FE3551E6EB1300009BC26 /* SettingsManager.h */,
				1E0FE3561E6EB1300009BC26 /* SettingsManager.m */,
				1E0FE3571E6EB1300009BC26 /* ShareManager.h */,
				1E0FE3581E6EB1300009BC26 /* ShareManager.m */,
				1E0FE3591E6EB1300009BC26 /* UserDefaultsManager.h */,
				1E0FE35A1E6EB1300009BC26 /* UserDefaultsManager.m */,
			);
			name = Managers;
			path = Model/Managers;
			sourceTree = "<group>";
		};
		1E0FE3651E6EB1460009BC26 /* Persistance */ = {
			isa = PBXGroup;
			children = (
				1E0FE3661E6EB1460009BC26 /* Entities */,
			);
			name = Persistance;
			path = Model/Persistance;
			sourceTree = "<group>";
		};
		1E0FE3661E6EB1460009BC26 /* Entities */ = {
			isa = PBXGroup;
			children = (
				1E0FE3671E6EB1460009BC26 /* CityObject.h */,
				1E0FE3681E6EB1460009BC26 /* CityObject.m */,
				1E0FE3691E6EB1460009BC26 /* ForecastObject.h */,
				1E0FE36A1E6EB1460009BC26 /* ForecastObject.m */,
				1E0FE36B1E6EB1460009BC26 /* NewsEntity.h */,
				1E0FE36C1E6EB1460009BC26 /* NewsEntity.m */,
			);
			path = Entities;
			sourceTree = "<group>";
		};
		1E0FE3781E6EE73A0009BC26 /* CFShareCircle */ = {
			isa = PBXGroup;
			children = (
				1E0FE3791E6EE73A0009BC26 /* Classes */,
				1E0FE37F1E6EE73A0009BC26 /* LICENSE */,
				1E0FE3801E6EE73A0009BC26 /* README.md */,
				1E0FE3811E6EE73A0009BC26 /* Resources */,
			);
			path = CFShareCircle;
			sourceTree = "<group>";
		};
		1E0FE3791E6EE73A0009BC26 /* Classes */ = {
			isa = PBXGroup;
			children = (
				1E0FE37A1E6EE73A0009BC26 /* ios */,
			);
			path = Classes;
			sourceTree = "<group>";
		};
		1E0FE37A1E6EE73A0009BC26 /* ios */ = {
			isa = PBXGroup;
			children = (
				1E0FE37B1E6EE73A0009BC26 /* CFShareCircleView.h */,
				1E0FE37C1E6EE73A0009BC26 /* CFShareCircleView.m */,
				1E0FE37D1E6EE73A0009BC26 /* CFSharer.h */,
				1E0FE37E1E6EE73A0009BC26 /* CFSharer.m */,
			);
			path = ios;
			sourceTree = "<group>";
		};
		1E0FE3811E6EE73A0009BC26 /* Resources */ = {
			isa = PBXGroup;
			children = (
				1E0FE3821E6EE73A0009BC26 /* camera_roll.png */,
				1E0FE3831E6EE73A0009BC26 /* camera_roll@2x.png */,
				1E0FE3841E6EE73A0009BC26 /* close.png */,
				1E0FE3851E6EE73A0009BC26 /* close@2x.png */,
				1E0FE3861E6EE73A0009BC26 /* dropbox.png */,
				1E0FE3871E6EE73A0009BC26 /* dropbox@2x.png */,
				1E0FE3881E6EE73A0009BC26 /* evernote.png */,
				1E0FE3891E6EE73A0009BC26 /* evernote@2x.png */,
				1E0FE38A1E6EE73A0009BC26 /* facebook.png */,
				1E0FE38B1E6EE73A0009BC26 /* facebook@2x.png */,
				1E0FE38C1E6EE73A0009BC26 /* google_drive.png */,
				1E0FE38D1E6EE73A0009BC26 /* google_drive@2x.png */,
				1E0FE38E1E6EE73A0009BC26 /* mail.png */,
				1E0FE38F1E6EE73A0009BC26 /* mail@2x.png */,
				1E0FE3901E6EE73A0009BC26 /* more copy.png */,
				1E0FE3911E6EE73A0009BC26 /* more@2x copy.png */,
				1E0FE3921E6EE73A0009BC26 /* pinterest copy.png */,
				1E0FE3931E6EE73A0009BC26 /* pinterest.png */,
				1E0FE3941E6EE73A0009BC26 /* pinterest@2x copy.png */,
				1E0FE3951E6EE73A0009BC26 /* pinterest@2x.png */,
				1E0FE3961E6EE73A0009BC26 /* print.png */,
				1E0FE3971E6EE73A0009BC26 /* print@2x.png */,
				1E0FE3981E6EE73A0009BC26 /* twitter copy.png */,
				1E0FE3991E6EE73A0009BC26 /* twitter.png */,
				1E0FE39A1E6EE73A0009BC26 /* twitter@2x copy.png */,
				1E0FE39B1E6EE73A0009BC26 /* twitter@2x.png */,
			);
			path = Resources;
			sourceTree = "<group>";
		};
		1E11C93D1DDD9E4C00D55B28 /* Frameworks */ = {
			isa = PBXGroup;
			children = (
				1E91CFFB1E64188700CB60EB /* iAd.framework */,
				1E91CFF91E6414B000CB60EB /* AdSupport.framework */,
				1EFE91841E23BF06008CA308 /* UserNotifications.framework */,
				1E0FE3781E6EE73A0009BC26 /* CFShareCircle */,
				84FF33391E1DCD04002847AB /* Spinners */,
				1E26668F1E127AC3001DF2A2 /* CustomSearchBar */,
				1E640B311E0A85FC00AA539C /* ZLDropDownMenu */,
				3D68C11FB67ED6A701E3F2D2 /* libPods-BelarusNews.a */,
			);
			name = Frameworks;
			path = BelarusNews/Frameworks;
			sourceTree = "<group>";
		};
		1E1505021E83EC45009F235E /* Modals */ = {
			isa = PBXGroup;
			children = (
				1E1505091E83ECD7009F235E /* ModalViewController.h */,
				1E15050A1E83ECD7009F235E /* ModalViewController.m */,
				1E1505031E83EC56009F235E /* UIViewController+ShowModal.h */,
				1E1505041E83EC56009F235E /* UIViewController+ShowModal.m */,
				1E1505061E83ECAF009F235E /* WebLinkViewController.h */,
				1E1505071E83ECAF009F235E /* WebLinkViewController.m */,
				1E1505101E83EDC4009F235E /* Modals.storyboard */,
			);
			path = Modals;
			sourceTree = "<group>";
		};
		1E26668F1E127AC3001DF2A2 /* CustomSearchBar */ = {
			isa = PBXGroup;
			children = (
				1E2666901E127AD6001DF2A2 /* INSSearchBar.h */,
				1E2666911E127AD6001DF2A2 /* INSSearchBar.m */,
			);
			path = CustomSearchBar;
			sourceTree = "<group>";
		};
		1E372F801DF94B8400362CC1 /* XML */ = {
			isa = PBXGroup;
			children = (
				1E7329421D781E980027E46E /* XMLParser.h */,
				1E7329431D781E980027E46E /* XMLParser.m */,
				1E7329451D7836400027E46E /* ParserManager.h */,
				1E7329461D7836400027E46E /* ParserManager.m */,
			);
			name = XML;
			path = Model/XML;
			sourceTree = "<group>";
		};
		1E640B311E0A85FC00AA539C /* ZLDropDownMenu */ = {
			isa = PBXGroup;
			children = (
				1E640B321E0A85FC00AA539C /* Categories */,
				1E640B351E0A85FC00AA539C /* Utils */,
				1E640B501E0A85FC00AA539C /* ZLDropDownMenu.h */,
				1E640B511E0A85FC00AA539C /* ZLDropDownMenu.m */,
				1E640B521E0A85FC00AA539C /* ZLDropDownMenuCollectionViewCell.h */,
				1E640B531E0A85FC00AA539C /* ZLDropDownMenuCollectionViewCell.m */,
				1E640B541E0A85FC00AA539C /* ZLDropDownMenuTitleButton.h */,
				1E640B551E0A85FC00AA539C /* ZLDropDownMenuTitleButton.m */,
				1E640B561E0A85FC00AA539C /* ZLDropDownMenuUICalc.h */,
				1E640B571E0A85FC00AA539C /* ZLDropDownMenuUICalc.m */,
			);
			path = ZLDropDownMenu;
			sourceTree = "<group>";
		};
		1E640B321E0A85FC00AA539C /* Categories */ = {
			isa = PBXGroup;
			children = (
				1E640B331E0A85FC00AA539C /* NSString+ZLStringSize.h */,
				1E640B341E0A85FC00AA539C /* NSString+ZLStringSize.m */,
			);
			path = Categories;
			sourceTree = "<group>";
		};
		1E640B351E0A85FC00AA539C /* Utils */ = {
			isa = PBXGroup;
			children = (
				1E640B361E0A85FC00AA539C /* Masonry */,
			);
			path = Utils;
			sourceTree = "<group>";
		};
		1E640B361E0A85FC00AA539C /* Masonry */ = {
			isa = PBXGroup;
			children = (
				1E640B371E0A85FC00AA539C /* MASCompositeConstraint.h */,
				1E640B381E0A85FC00AA539C /* MASCompositeConstraint.m */,
				1E640B391E0A85FC00AA539C /* MASConstraint+Private.h */,
				1E640B3A1E0A85FC00AA539C /* MASConstraint.h */,
				1E640B3B1E0A85FC00AA539C /* MASConstraint.m */,
				1E640B3C1E0A85FC00AA539C /* MASConstraintMaker.h */,
				1E640B3D1E0A85FC00AA539C /* MASConstraintMaker.m */,
				1E640B3E1E0A85FC00AA539C /* MASLayoutConstraint.h */,
				1E640B3F1E0A85FC00AA539C /* MASLayoutConstraint.m */,
				1E640B401E0A85FC00AA539C /* Masonry.h */,
				1E640B411E0A85FC00AA539C /* MASUtilities.h */,
				1E640B421E0A85FC00AA539C /* MASViewAttribute.h */,
				1E640B431E0A85FC00AA539C /* MASViewAttribute.m */,
				1E640B441E0A85FC00AA539C /* MASViewConstraint.h */,
				1E640B451E0A85FC00AA539C /* MASViewConstraint.m */,
				1E640B461E0A85FC00AA539C /* NSArray+MASAdditions.h */,
				1E640B471E0A85FC00AA539C /* NSArray+MASAdditions.m */,
				1E640B481E0A85FC00AA539C /* NSArray+MASShorthandAdditions.h */,
				1E640B491E0A85FC00AA539C /* NSLayoutConstraint+MASDebugAdditions.h */,
				1E640B4A1E0A85FC00AA539C /* NSLayoutConstraint+MASDebugAdditions.m */,
				1E640B4B1E0A85FC00AA539C /* View+MASAdditions.h */,
				1E640B4C1E0A85FC00AA539C /* View+MASAdditions.m */,
				1E640B4D1E0A85FC00AA539C /* View+MASShorthandAdditions.h */,
				1E640B4E1E0A85FC00AA539C /* ViewController+MASAdditions.h */,
				1E640B4F1E0A85FC00AA539C /* ViewController+MASAdditions.m */,
			);
			path = Masonry;
			sourceTree = "<group>";
		};
		1E7328E61D7813740027E46E = {
			isa = PBXGroup;
			children = (
				1E11C93D1DDD9E4C00D55B28 /* Frameworks */,
				1E7328F11D7813740027E46E /* BelarusNews */,
				1E73290E1D7813750027E46E /* BelarusNewsTests */,
				1E7329191D7813750027E46E /* BelarusNewsUITests */,
				1E7328F01D7813740027E46E /* Products */,
				63BC8B2900C89A3FD674B9BB /* Pods */,
			);
			sourceTree = "<group>";
		};
		1E7328F01D7813740027E46E /* Products */ = {
			isa = PBXGroup;
			children = (
				1E7328EF1D7813740027E46E /* BelarusNews.app */,
				1E73290B1D7813750027E46E /* BelarusNewsTests.xctest */,
				1E7329161D7813750027E46E /* BelarusNewsUITests.xctest */,
			);
			name = Products;
			sourceTree = "<group>";
		};
		1E7328F11D7813740027E46E /* BelarusNews */ = {
			isa = PBXGroup;
			children = (
				1E73292D1D7814340027E46E /* Model */,
				1E73292C1D78142D0027E46E /* ViewControllers */,
				1E7329281D7813890027E46E /* Util */,
				1E7328F51D7813740027E46E /* AppDelegate.h */,
				1E7328F61D7813740027E46E /* AppDelegate.m */,
				1E7328FB1D7813740027E46E /* Main.storyboard */,
				1E7329011D7813740027E46E /* Assets.xcassets */,
				84702F8A1DF8887C005CE945 /* Localizable.strings */,
				1E7329031D7813740027E46E /* LaunchScreen.storyboard */,
				1E7329061D7813740027E46E /* Info.plist */,
				1E7328F21D7813740027E46E /* Supporting Files */,
			);
			path = BelarusNews;
			sourceTree = "<group>";
		};
		1E7328F21D7813740027E46E /* Supporting Files */ = {
			isa = PBXGroup;
			children = (
				1E91CFF71E640C1700CB60EB /* GoogleService-Info.plist */,
				1E7328F31D7813740027E46E /* main.m */,
			);
			name = "Supporting Files";
			sourceTree = "<group>";
		};
		1E73290E1D7813750027E46E /* BelarusNewsTests */ = {
			isa = PBXGroup;
			children = (
				1E73290F1D7813750027E46E /* BelarusNewsTests.m */,
				1E7329111D7813750027E46E /* Info.plist */,
			);
			path = BelarusNewsTests;
			sourceTree = "<group>";
		};
		1E7329191D7813750027E46E /* BelarusNewsUITests */ = {
			isa = PBXGroup;
			children = (
				1E73291A1D7813750027E46E /* BelarusNewsUITests.m */,
				1E73291C1D7813750027E46E /* Info.plist */,
			);
			path = BelarusNewsUITests;
			sourceTree = "<group>";
		};
		1E7329281D7813890027E46E /* Util */ = {
			isa = PBXGroup;
			children = (
				1E7329291D7813B50027E46E /* Constants.h */,
				1E73292A1D7813B50027E46E /* Constants.m */,
				1E1D3A9E1DE47D9F00D6C00C /* Macros.h */,
				1EFE91781E237908008CA308 /* Utils.h */,
				1EFE91791E237908008CA308 /* Utils.m */,
				1E1286161E5D850600D2899D /* UIColor+BelarusNews.h */,
				1E1286171E5D850600D2899D /* UIColor+BelarusNews.m */,
			);
			path = Util;
			sourceTree = "<group>";
		};
		1E73292C1D78142D0027E46E /* ViewControllers */ = {
			isa = PBXGroup;
			children = (
				1E1505021E83EC45009F235E /* Modals */,
				1EFD65A11E13EA9200F5BA4D /* Settings */,
				1EFD65A01E13D78800F5BA4D /* Root */,
				1EFD659F1E13D6EB00F5BA4D /* Details */,
				1EFD659E1E13D54D00F5BA4D /* Main */,
				844A9FCF1DF0EDE200917832 /* MenuVC */,
			);
			path = ViewControllers;
			sourceTree = "<group>";
		};
		1E73292D1D7814340027E46E /* Model */ = {
			isa = PBXGroup;
			children = (
				1E0FE3651E6EB1460009BC26 /* Persistance */,
				1E0FE3461E6EB1300009BC26 /* Managers */,
				1E372F801DF94B8400362CC1 /* XML */,
			);
			name = Model;
			sourceTree = "<group>";
		};
		1E91CFE01E605CA400CB60EB /* SettingsCityTableVC */ = {
			isa = PBXGroup;
			children = (
				1E91CFF41E60788300CB60EB /* LocationAutoCompleteController.h */,
				1E91CFF51E60788300CB60EB /* LocationAutoCompleteController.m */,
			);
			path = SettingsCityTableVC;
			sourceTree = "<group>";
		};
		1EFD659E1E13D54D00F5BA4D /* Main */ = {
			isa = PBXGroup;
			children = (
				1E73292E1D7814620027E46E /* NewsTableView.h */,
				1E73292F1D7814620027E46E /* NewsTableView.m */,
				1E7329341D7814C00027E46E /* NewsTableViewCell.h */,
				1E7329351D7814C00027E46E /* NewsTableViewCell.m */,
			);
			path = Main;
			sourceTree = "<group>";
		};
		1EFD659F1E13D6EB00F5BA4D /* Details */ = {
			isa = PBXGroup;
			children = (
				1E7329531D7848530027E46E /* DetailsViewController.h */,
				1E7329541D7848530027E46E /* DetailsViewController.m */,
				1EFD659B1E13C80000F5BA4D /* DetailsOfflineVCViewController.h */,
				1EFD659C1E13C80000F5BA4D /* DetailsOfflineVCViewController.m */,
			);
			path = Details;
			sourceTree = "<group>";
		};
		1EFD65A01E13D78800F5BA4D /* Root */ = {
			isa = PBXGroup;
			children = (
				843B7B541DF35E27001532A4 /* RootViewController.h */,
				843B7B551DF35E27001532A4 /* RootViewController.m */,
			);
			path = Root;
			sourceTree = "<group>";
		};
		1EFD65A11E13EA9200F5BA4D /* Settings */ = {
			isa = PBXGroup;
			children = (
				1E91CFE01E605CA400CB60EB /* SettingsCityTableVC */,
				1EFD65A51E13EDEA00F5BA4D /* Cells */,
				1EFD65A21E13EABE00F5BA4D /* SettingsVC.h */,
				1EFD65A31E13EABE00F5BA4D /* SettingsVC.m */,
			);
			path = Settings;
			sourceTree = "<group>";
		};
		1EFD65A51E13EDEA00F5BA4D /* Cells */ = {
			isa = PBXGroup;
			children = (
				1EFD65AA1E13EEFF00F5BA4D /* SettingsCellDelegate.h */,
				1EFD65A61E13EE4300F5BA4D /* SettingsOfflineCell.h */,
				1EFD65A71E13EE4300F5BA4D /* SettingsOfflineCell.m */,
				1EFE91741E1FAC76008CA308 /* SettingsNotificationsCell.h */,
				1EFE91751E1FAC76008CA308 /* SettingsNotificationsCell.m */,
				1E4C8C621E56D8FB00B2ED44 /* SettingsAutoupdateCell.h */,
				1E4C8C631E56D8FB00B2ED44 /* SettingsAutoupdateCell.m */,
				1E12860F1E5D6E4B00D2899D /* SettingsNightModeCellTableViewCell.h */,
				1E1286101E5D6E4B00D2899D /* SettingsNightModeCellTableViewCell.m */,
				1E91CFDD1E600F0A00CB60EB /* SettingsRoundImagesCell.h */,
				1E91CFDE1E600F0A00CB60EB /* SettingsRoundImagesCell.m */,
				1E91CFE61E60616500CB60EB /* SettingsCityCell.h */,
				1E91CFE71E60616500CB60EB /* SettingsCityCell.m */,
				1E1286191E5D916F00D2899D /* SettingsBaseCell.h */,
				1E12861A1E5D916F00D2899D /* SettingsBaseCell.m */,
			);
			path = Cells;
			sourceTree = "<group>";
		};
		63BC8B2900C89A3FD674B9BB /* Pods */ = {
			isa = PBXGroup;
			children = (
				C8F535F331C4612F868C9ADB /* Pods-BelarusNews.debug.xcconfig */,
				E7A01196E7BF962BC35997F6 /* Pods-BelarusNews.release.xcconfig */,
			);
			name = Pods;
			sourceTree = "<group>";
		};
		844A9FCF1DF0EDE200917832 /* MenuVC */ = {
			isa = PBXGroup;
			children = (
				844A9FD01DF0EE2A00917832 /* MenuViewController.h */,
				844A9FD11DF0EE2A00917832 /* MenuViewController.m */,
			);
			path = MenuVC;
			sourceTree = "<group>";
		};
		84FF33391E1DCD04002847AB /* Spinners */ = {
			isa = PBXGroup;
			children = (
				84FF33431E1DD00F002847AB /* FeSpinnerTenDot.h */,
				84FF33441E1DD00F002847AB /* FeSpinnerTenDot.m */,
				84FF333D1E1DCEAC002847AB /* FXBlurView.h */,
				84FF333E1E1DCEAC002847AB /* FXBlurView.m */,
				84FF333F1E1DCEAC002847AB /* UIColor+flat.h */,
				84FF33401E1DCEAC002847AB /* UIColor+flat.m */,
				84FF333A1E1DCE0B002847AB /* FeTenDot.h */,
				84FF333B1E1DCE0B002847AB /* FeTenDot.m */,
			);
			path = Spinners;
			sourceTree = "<group>";
		};
/* End PBXGroup section */

/* Begin PBXNativeTarget section */
		1E7328EE1D7813740027E46E /* BelarusNews */ = {
			isa = PBXNativeTarget;
			buildConfigurationList = 1E73291F1D7813750027E46E /* Build configuration list for PBXNativeTarget "BelarusNews" */;
			buildPhases = (
				2DD2EB6E3A76160B13551EB3 /* 📦 Check Pods Manifest.lock */,
				B755CB0345D078013C0B4EF2 /* [CP] Check Pods Manifest.lock */,
				1E7328EB1D7813740027E46E /* Sources */,
				1E7328EC1D7813740027E46E /* Frameworks */,
				1E7328ED1D7813740027E46E /* Resources */,
				1E11C9431DDDA10200D55B28 /* Embed Frameworks */,
				1E11C9441DDDA18300D55B28 /* ShellScript */,
				786C8BF0529FC78B61A36423 /* 📦 Embed Pods Frameworks */,
				650FD198D3BDD2473FDE2E0F /* 📦 Copy Pods Resources */,
			);
			buildRules = (
			);
			dependencies = (
			);
			name = BelarusNews;
			productName = KinopoiskParserObj;
			productReference = 1E7328EF1D7813740027E46E /* BelarusNews.app */;
			productType = "com.apple.product-type.application";
		};
		1E73290A1D7813750027E46E /* BelarusNewsTests */ = {
			isa = PBXNativeTarget;
			buildConfigurationList = 1E7329221D7813750027E46E /* Build configuration list for PBXNativeTarget "BelarusNewsTests" */;
			buildPhases = (
				1E7329071D7813750027E46E /* Sources */,
				1E7329081D7813750027E46E /* Frameworks */,
				1E7329091D7813750027E46E /* Resources */,
			);
			buildRules = (
			);
			dependencies = (
				1E73290D1D7813750027E46E /* PBXTargetDependency */,
			);
			name = BelarusNewsTests;
			productName = KinopoiskParserObjTests;
			productReference = 1E73290B1D7813750027E46E /* BelarusNewsTests.xctest */;
			productType = "com.apple.product-type.bundle.unit-test";
		};
		1E7329151D7813750027E46E /* BelarusNewsUITests */ = {
			isa = PBXNativeTarget;
			buildConfigurationList = 1E7329251D7813750027E46E /* Build configuration list for PBXNativeTarget "BelarusNewsUITests" */;
			buildPhases = (
				1E7329121D7813750027E46E /* Sources */,
				1E7329131D7813750027E46E /* Frameworks */,
				1E7329141D7813750027E46E /* Resources */,
			);
			buildRules = (
			);
			dependencies = (
				1E7329181D7813750027E46E /* PBXTargetDependency */,
			);
			name = BelarusNewsUITests;
			productName = KinopoiskParserObjUITests;
			productReference = 1E7329161D7813750027E46E /* BelarusNewsUITests.xctest */;
			productType = "com.apple.product-type.bundle.ui-testing";
		};
/* End PBXNativeTarget section */

/* Begin PBXProject section */
		1E7328E71D7813740027E46E /* Project object */ = {
			isa = PBXProject;
			attributes = {
				LastUpgradeCheck = 0720;
				ORGANIZATIONNAME = "Yauheni Drobau";
				TargetAttributes = {
					1E7328EE1D7813740027E46E = {
						CreatedOnToolsVersion = 7.2.1;
						DevelopmentTeam = M2W7A5AWJY;
						ProvisioningStyle = Manual;
						SystemCapabilities = {
							com.apple.BackgroundModes = {
								enabled = 0;
							};
							com.apple.Push = {
								enabled = 0;
							};
						};
					};
					1E73290A1D7813750027E46E = {
						CreatedOnToolsVersion = 7.2.1;
						TestTargetID = 1E7328EE1D7813740027E46E;
					};
					1E7329151D7813750027E46E = {
						CreatedOnToolsVersion = 7.2.1;
						TestTargetID = 1E7328EE1D7813740027E46E;
					};
				};
			};
			buildConfigurationList = 1E7328EA1D7813740027E46E /* Build configuration list for PBXProject "BelarusNews" */;
			compatibilityVersion = "Xcode 3.2";
			developmentRegion = English;
			hasScannedForEncodings = 0;
			knownRegions = (
				Base,
				en,
				ru,
			);
			mainGroup = 1E7328E61D7813740027E46E;
			productRefGroup = 1E7328F01D7813740027E46E /* Products */;
			projectDirPath = "";
			projectRoot = "";
			targets = (
				1E7328EE1D7813740027E46E /* BelarusNews */,
				1E73290A1D7813750027E46E /* BelarusNewsTests */,
				1E7329151D7813750027E46E /* BelarusNewsUITests */,
			);
		};
/* End PBXProject section */

/* Begin PBXResourcesBuildPhase section */
		1E7328ED1D7813740027E46E /* Resources */ = {
			isa = PBXResourcesBuildPhase;
			buildActionMask = 2147483647;
			files = (
				1E0FE3B01E6EE73A0009BC26 /* pinterest copy.png in Resources */,
				1E0FE3A01E6EE73A0009BC26 /* camera_roll.png in Resources */,
				1E0FE3AD1E6EE73A0009BC26 /* mail@2x.png in Resources */,
				1E0FE3A71E6EE73A0009BC26 /* evernote@2x.png in Resources */,
				1E0FE3A41E6EE73A0009BC26 /* dropbox.png in Resources */,
				1E0FE3B71E6EE73A0009BC26 /* twitter.png in Resources */,
				1E0FE3A51E6EE73A0009BC26 /* dropbox@2x.png in Resources */,
				1E91CFF81E640C1700CB60EB /* GoogleService-Info.plist in Resources */,
				1E0FE3AC1E6EE73A0009BC26 /* mail.png in Resources */,
				1E0FE3AF1E6EE73A0009BC26 /* more@2x copy.png in Resources */,
				1E0FE3A11E6EE73A0009BC26 /* camera_roll@2x.png in Resources */,
				1E0FE3A61E6EE73A0009BC26 /* evernote.png in Resources */,
				1E0FE3B11E6EE73A0009BC26 /* pinterest.png in Resources */,
				1E15050E1E83EDC4009F235E /* Modals.storyboard in Resources */,
				1E0FE3A21E6EE73A0009BC26 /* close.png in Resources */,
				1E0FE3B51E6EE73A0009BC26 /* print@2x.png in Resources */,
				1E0FE3B61E6EE73A0009BC26 /* twitter copy.png in Resources */,
				1E0FE3B31E6EE73A0009BC26 /* pinterest@2x.png in Resources */,
				1E0FE3B91E6EE73A0009BC26 /* twitter@2x.png in Resources */,
				1E0FE3B41E6EE73A0009BC26 /* print.png in Resources */,
				84702F881DF8887C005CE945 /* Localizable.strings in Resources */,
				1E0FE3AE1E6EE73A0009BC26 /* more copy.png in Resources */,
				1E0FE3AB1E6EE73A0009BC26 /* google_drive@2x.png in Resources */,
				1E0FE3B81E6EE73A0009BC26 /* twitter@2x copy.png in Resources */,
				1E0FE3B21E6EE73A0009BC26 /* pinterest@2x copy.png in Resources */,
				1E7329051D7813740027E46E /* LaunchScreen.storyboard in Resources */,
				1E0FE3A81E6EE73A0009BC26 /* facebook.png in Resources */,
				1E0FE3A31E6EE73A0009BC26 /* close@2x.png in Resources */,
				1E0FE39E1E6EE73A0009BC26 /* LICENSE in Resources */,
				1E7329021D7813740027E46E /* Assets.xcassets in Resources */,
				1E0FE3AA1E6EE73A0009BC26 /* google_drive.png in Resources */,
				1E7328FD1D7813740027E46E /* Main.storyboard in Resources */,
				1E0FE3A91E6EE73A0009BC26 /* facebook@2x.png in Resources */,
			);
			runOnlyForDeploymentPostprocessing = 0;
		};
		1E7329091D7813750027E46E /* Resources */ = {
			isa = PBXResourcesBuildPhase;
			buildActionMask = 2147483647;
			files = (
			);
			runOnlyForDeploymentPostprocessing = 0;
		};
		1E7329141D7813750027E46E /* Resources */ = {
			isa = PBXResourcesBuildPhase;
			buildActionMask = 2147483647;
			files = (
			);
			runOnlyForDeploymentPostprocessing = 0;
		};
/* End PBXResourcesBuildPhase section */

/* Begin PBXShellScriptBuildPhase section */
		1E11C9441DDDA18300D55B28 /* ShellScript */ = {
			isa = PBXShellScriptBuildPhase;
			buildActionMask = 2147483647;
			files = (
			);
			inputPaths = (
			);
			outputPaths = (
			);
			runOnlyForDeploymentPostprocessing = 0;
			shellPath = /bin/sh;
			shellScript = "\"${PODS_ROOT}/Fabric/run\" 62097d6ca68f994b2395053fe38b14f7a41edb9f 3928b85f09d78e6d9802418fd57491cd2cc0f2945bdd0346b1e2052c5b0be349";
		};
		2DD2EB6E3A76160B13551EB3 /* 📦 Check Pods Manifest.lock */ = {
			isa = PBXShellScriptBuildPhase;
			buildActionMask = 2147483647;
			files = (
			);
			inputPaths = (
			);
			name = "📦 Check Pods Manifest.lock";
			outputPaths = (
			);
			runOnlyForDeploymentPostprocessing = 0;
			shellPath = /bin/sh;
			shellScript = "diff \"${PODS_ROOT}/../Podfile.lock\" \"${PODS_ROOT}/Manifest.lock\" > /dev/null\nif [[ $? != 0 ]] ; then\n    cat << EOM\nerror: The sandbox is not in sync with the Podfile.lock. Run 'pod install' or update your CocoaPods installation.\nEOM\n    exit 1\nfi\n";
			showEnvVarsInLog = 0;
		};
		650FD198D3BDD2473FDE2E0F /* 📦 Copy Pods Resources */ = {
			isa = PBXShellScriptBuildPhase;
			buildActionMask = 2147483647;
			files = (
			);
			inputPaths = (
			);
			name = "📦 Copy Pods Resources";
			outputPaths = (
			);
			runOnlyForDeploymentPostprocessing = 0;
			shellPath = /bin/sh;
			shellScript = "\"${SRCROOT}/Pods/Target Support Files/Pods-BelarusNews/Pods-BelarusNews-resources.sh\"\n";
			showEnvVarsInLog = 0;
		};
		786C8BF0529FC78B61A36423 /* 📦 Embed Pods Frameworks */ = {
			isa = PBXShellScriptBuildPhase;
			buildActionMask = 2147483647;
			files = (
			);
			inputPaths = (
			);
			name = "📦 Embed Pods Frameworks";
			outputPaths = (
			);
			runOnlyForDeploymentPostprocessing = 0;
			shellPath = /bin/sh;
			shellScript = "\"${SRCROOT}/Pods/Target Support Files/Pods-BelarusNews/Pods-BelarusNews-frameworks.sh\"\n";
			showEnvVarsInLog = 0;
		};
		B755CB0345D078013C0B4EF2 /* [CP] Check Pods Manifest.lock */ = {
			isa = PBXShellScriptBuildPhase;
			buildActionMask = 2147483647;
			files = (
			);
			inputPaths = (
			);
			name = "[CP] Check Pods Manifest.lock";
			outputPaths = (
			);
			runOnlyForDeploymentPostprocessing = 0;
			shellPath = /bin/sh;
			shellScript = "diff \"${PODS_ROOT}/../Podfile.lock\" \"${PODS_ROOT}/Manifest.lock\" > /dev/null\nif [[ $? != 0 ]] ; then\n    cat << EOM\nerror: The sandbox is not in sync with the Podfile.lock. Run 'pod install' or update your CocoaPods installation.\nEOM\n    exit 1\nfi\n";
			showEnvVarsInLog = 0;
		};
/* End PBXShellScriptBuildPhase section */

/* Begin PBXSourcesBuildPhase section */
		1E7328EB1D7813740027E46E /* Sources */ = {
			isa = PBXSourcesBuildPhase;
			buildActionMask = 2147483647;
			files = (
				1E640B5A1E0A85FE00AA539C /* MASConstraint.m in Sources */,
				1E640B5D1E0A85FE00AA539C /* MASViewAttribute.m in Sources */,
				1E91CFF61E60788300CB60EB /* LocationAutoCompleteController.m in Sources */,
				1E640B661E0A85FE00AA539C /* ZLDropDownMenuUICalc.m in Sources */,
				1EFE91761E1FAC76008CA308 /* SettingsNotificationsCell.m in Sources */,
				1E640B5B1E0A85FE00AA539C /* MASConstraintMaker.m in Sources */,
				1EFD659D1E13C80000F5BA4D /* DetailsOfflineVCViewController.m in Sources */,
				1EFD65A41E13EABE00F5BA4D /* SettingsVC.m in Sources */,
				1E640B631E0A85FE00AA539C /* ZLDropDownMenu.m in Sources */,
				1E7329301D7814620027E46E /* NewsTableView.m in Sources */,
				1E73292B1D7813B50027E46E /* Constants.m in Sources */,
				1E640B5E1E0A85FE00AA539C /* MASViewConstraint.m in Sources */,
				1E640B611E0A85FE00AA539C /* View+MASAdditions.m in Sources */,
				1E640B651E0A85FE00AA539C /* ZLDropDownMenuTitleButton.m in Sources */,
				1E0FE35C1E6EB1300009BC26 /* DateFormatterManager.m in Sources */,
				1E1286111E5D6E4B00D2899D /* SettingsNightModeCellTableViewCell.m in Sources */,
				1E0FE3641E6EB1300009BC26 /* UserDefaultsManager.m in Sources */,
				1E1505081E83ECAF009F235E /* WebLinkViewController.m in Sources */,
				1E91CFDF1E600F0A00CB60EB /* SettingsRoundImagesCell.m in Sources */,
				1E0FE3631E6EB1300009BC26 /* ShareManager.m in Sources */,
				1E640B591E0A85FE00AA539C /* MASCompositeConstraint.m in Sources */,
				844A9FD21DF0EE2B00917832 /* MenuViewController.m in Sources */,
				1E91CFE81E60616500CB60EB /* SettingsCityCell.m in Sources */,
				1E7329471D7836400027E46E /* ParserManager.m in Sources */,
				1E1505051E83EC56009F235E /* UIViewController+ShowModal.m in Sources */,
				1E0FE35D1E6EB1300009BC26 /* ForecastManager.m in Sources */,
				1E640B641E0A85FE00AA539C /* ZLDropDownMenuCollectionViewCell.m in Sources */,
				1E12861B1E5D916F00D2899D /* SettingsBaseCell.m in Sources */,
				1E7329441D781E980027E46E /* XMLParser.m in Sources */,
				1E640B5C1E0A85FE00AA539C /* MASLayoutConstraint.m in Sources */,
				1E0FE39D1E6EE73A0009BC26 /* CFSharer.m in Sources */,
				1E640B581E0A85FE00AA539C /* NSString+ZLStringSize.m in Sources */,
				84FF33451E1DD00F002847AB /* FeSpinnerTenDot.m in Sources */,
				1E7328F71D7813740027E46E /* AppDelegate.m in Sources */,
				1E0FE3621E6EB1300009BC26 /* SettingsManager.m in Sources */,
				84FF33421E1DCEAC002847AB /* UIColor+flat.m in Sources */,
				1E0FE35B1E6EB1300009BC26 /* DataManager.m in Sources */,
				843B7B561DF35E27001532A4 /* RootViewController.m in Sources */,
				1E640B601E0A85FE00AA539C /* NSLayoutConstraint+MASDebugAdditions.m in Sources */,
				1E0FE3601E6EB1300009BC26 /* RemoteFacade.m in Sources */,
				1EFD65A81E13EE4300F5BA4D /* SettingsOfflineCell.m in Sources */,
				1E15050B1E83ECD7009F235E /* ModalViewController.m in Sources */,
				84FF33411E1DCEAC002847AB /* FXBlurView.m in Sources */,
				1E0FE39C1E6EE73A0009BC26 /* CFShareCircleView.m in Sources */,
				1EFE917A1E237908008CA308 /* Utils.m in Sources */,
				1E0FE39F1E6EE73A0009BC26 /* README.md in Sources */,
				84FF333C1E1DCE0B002847AB /* FeTenDot.m in Sources */,
				1E0FE36E1E6EB1460009BC26 /* ForecastObject.m in Sources */,
				1E640B5F1E0A85FE00AA539C /* NSArray+MASAdditions.m in Sources */,
				1E640B621E0A85FE00AA539C /* ViewController+MASAdditions.m in Sources */,
				1E0FE3611E6EB1300009BC26 /* SearchManager.m in Sources */,
				1E0FE35E1E6EB1300009BC26 /* NotificationManager.m in Sources */,
				1E7329361D7814C00027E46E /* NewsTableViewCell.m in Sources */,
				1E4C8C641E56D8FB00B2ED44 /* SettingsAutoupdateCell.m in Sources */,
				1E7329551D7848530027E46E /* DetailsViewController.m in Sources */,
				1E1286181E5D850600D2899D /* UIColor+BelarusNews.m in Sources */,
				1E2666921E127AD6001DF2A2 /* INSSearchBar.m in Sources */,
				1E7328F41D7813740027E46E /* main.m in Sources */,
				1E0FE35F1E6EB1300009BC26 /* RealmDataManager.m in Sources */,
				1E0FE36D1E6EB1460009BC26 /* CityObject.m in Sources */,
				1E0FE36F1E6EB1460009BC26 /* NewsEntity.m in Sources */,
			);
			runOnlyForDeploymentPostprocessing = 0;
		};
		1E7329071D7813750027E46E /* Sources */ = {
			isa = PBXSourcesBuildPhase;
			buildActionMask = 2147483647;
			files = (
				1E7329101D7813750027E46E /* BelarusNewsTests.m in Sources */,
			);
			runOnlyForDeploymentPostprocessing = 0;
		};
		1E7329121D7813750027E46E /* Sources */ = {
			isa = PBXSourcesBuildPhase;
			buildActionMask = 2147483647;
			files = (
				1E73291B1D7813750027E46E /* BelarusNewsUITests.m in Sources */,
			);
			runOnlyForDeploymentPostprocessing = 0;
		};
/* End PBXSourcesBuildPhase section */

/* Begin PBXTargetDependency section */
		1E73290D1D7813750027E46E /* PBXTargetDependency */ = {
			isa = PBXTargetDependency;
			target = 1E7328EE1D7813740027E46E /* BelarusNews */;
			targetProxy = 1E73290C1D7813750027E46E /* PBXContainerItemProxy */;
		};
		1E7329181D7813750027E46E /* PBXTargetDependency */ = {
			isa = PBXTargetDependency;
			target = 1E7328EE1D7813740027E46E /* BelarusNews */;
			targetProxy = 1E7329171D7813750027E46E /* PBXContainerItemProxy */;
		};
/* End PBXTargetDependency section */

/* Begin PBXVariantGroup section */
		1E1505101E83EDC4009F235E /* Modals.storyboard */ = {
			isa = PBXVariantGroup;
			children = (
				1E15050F1E83EDC4009F235E /* Base */,
				1E1505121E83EDCF009F235E /* en */,
				1E1505141E83EDD1009F235E /* ru */,
			);
			name = Modals.storyboard;
			sourceTree = "<group>";
		};
		1E7328FB1D7813740027E46E /* Main.storyboard */ = {
			isa = PBXVariantGroup;
			children = (
				1E7328FC1D7813740027E46E /* Base */,
				84702F911DF88B5A005CE945 /* ru */,
				84702F931DF88B6C005CE945 /* en */,
			);
			name = Main.storyboard;
			sourceTree = "<group>";
		};
		1E7329031D7813740027E46E /* LaunchScreen.storyboard */ = {
			isa = PBXVariantGroup;
			children = (
				1E7329041D7813740027E46E /* Base */,
				1EFE91801E23841B008CA308 /* en */,
				1EFE91821E23841C008CA308 /* ru */,
			);
			name = LaunchScreen.storyboard;
			sourceTree = "<group>";
		};
		84702F8A1DF8887C005CE945 /* Localizable.strings */ = {
			isa = PBXVariantGroup;
			children = (
				84702F891DF8887C005CE945 /* Base */,
				84702F8B1DF8888D005CE945 /* en */,
				84702F8C1DF8888F005CE945 /* ru */,
			);
			name = Localizable.strings;
			path = ..;
			sourceTree = "<group>";
		};
/* End PBXVariantGroup section */

/* Begin XCBuildConfiguration section */
		1E73291D1D7813750027E46E /* Debug */ = {
			isa = XCBuildConfiguration;
			buildSettings = {
				ALWAYS_SEARCH_USER_PATHS = NO;
				CLANG_ANALYZER_LOCALIZABILITY_NONLOCALIZED = YES;
				CLANG_CXX_LANGUAGE_STANDARD = "gnu++0x";
				CLANG_CXX_LIBRARY = "libc++";
				CLANG_ENABLE_MODULES = YES;
				CLANG_ENABLE_OBJC_ARC = YES;
				CLANG_WARN_BOOL_CONVERSION = YES;
				CLANG_WARN_CONSTANT_CONVERSION = YES;
				CLANG_WARN_DIRECT_OBJC_ISA_USAGE = YES_ERROR;
				CLANG_WARN_EMPTY_BODY = YES;
				CLANG_WARN_ENUM_CONVERSION = YES;
				CLANG_WARN_INT_CONVERSION = YES;
				CLANG_WARN_OBJC_ROOT_CLASS = YES_ERROR;
				CLANG_WARN_UNREACHABLE_CODE = YES;
				CLANG_WARN__DUPLICATE_METHOD_MATCH = YES;
				"CODE_SIGN_IDENTITY[sdk=iphoneos*]" = "iPhone Developer";
				COPY_PHASE_STRIP = NO;
				DEBUG_INFORMATION_FORMAT = dwarf;
				ENABLE_STRICT_OBJC_MSGSEND = YES;
				ENABLE_TESTABILITY = YES;
				GCC_C_LANGUAGE_STANDARD = gnu99;
				GCC_DYNAMIC_NO_PIC = NO;
				GCC_NO_COMMON_BLOCKS = YES;
				GCC_OPTIMIZATION_LEVEL = 0;
				GCC_PREPROCESSOR_DEFINITIONS = (
					"DEBUG=1",
					"$(inherited)",
				);
				GCC_WARN_64_TO_32_BIT_CONVERSION = YES;
				GCC_WARN_ABOUT_RETURN_TYPE = YES_ERROR;
				GCC_WARN_UNDECLARED_SELECTOR = YES;
				GCC_WARN_UNINITIALIZED_AUTOS = YES_AGGRESSIVE;
				GCC_WARN_UNUSED_FUNCTION = YES;
				GCC_WARN_UNUSED_VARIABLE = YES;
				IPHONEOS_DEPLOYMENT_TARGET = 8.0;
				MTL_ENABLE_DEBUG_INFO = YES;
				ONLY_ACTIVE_ARCH = YES;
				SDKROOT = iphoneos;
				TARGETED_DEVICE_FAMILY = "1,2";
			};
			name = Debug;
		};
		1E73291E1D7813750027E46E /* Release */ = {
			isa = XCBuildConfiguration;
			buildSettings = {
				ALWAYS_SEARCH_USER_PATHS = NO;
				CLANG_ANALYZER_LOCALIZABILITY_NONLOCALIZED = YES;
				CLANG_CXX_LANGUAGE_STANDARD = "gnu++0x";
				CLANG_CXX_LIBRARY = "libc++";
				CLANG_ENABLE_MODULES = YES;
				CLANG_ENABLE_OBJC_ARC = YES;
				CLANG_WARN_BOOL_CONVERSION = YES;
				CLANG_WARN_CONSTANT_CONVERSION = YES;
				CLANG_WARN_DIRECT_OBJC_ISA_USAGE = YES_ERROR;
				CLANG_WARN_EMPTY_BODY = YES;
				CLANG_WARN_ENUM_CONVERSION = YES;
				CLANG_WARN_INT_CONVERSION = YES;
				CLANG_WARN_OBJC_ROOT_CLASS = YES_ERROR;
				CLANG_WARN_UNREACHABLE_CODE = YES;
				CLANG_WARN__DUPLICATE_METHOD_MATCH = YES;
				"CODE_SIGN_IDENTITY[sdk=iphoneos*]" = "iPhone Developer";
				COPY_PHASE_STRIP = NO;
				DEBUG_INFORMATION_FORMAT = "dwarf-with-dsym";
				ENABLE_NS_ASSERTIONS = NO;
				ENABLE_STRICT_OBJC_MSGSEND = YES;
				GCC_C_LANGUAGE_STANDARD = gnu99;
				GCC_NO_COMMON_BLOCKS = YES;
				GCC_WARN_64_TO_32_BIT_CONVERSION = YES;
				GCC_WARN_ABOUT_RETURN_TYPE = YES_ERROR;
				GCC_WARN_UNDECLARED_SELECTOR = YES;
				GCC_WARN_UNINITIALIZED_AUTOS = YES_AGGRESSIVE;
				GCC_WARN_UNUSED_FUNCTION = YES;
				GCC_WARN_UNUSED_VARIABLE = YES;
				IPHONEOS_DEPLOYMENT_TARGET = 8.0;
				MTL_ENABLE_DEBUG_INFO = NO;
				SDKROOT = iphoneos;
				TARGETED_DEVICE_FAMILY = "1,2";
				VALIDATE_PRODUCT = YES;
			};
			name = Release;
		};
		1E7329201D7813750027E46E /* Debug */ = {
			isa = XCBuildConfiguration;
			baseConfigurationReference = C8F535F331C4612F868C9ADB /* Pods-BelarusNews.debug.xcconfig */;
			buildSettings = {
				ASSETCATALOG_COMPILER_APPICON_NAME = AppIcon;
				"CODE_SIGN_IDENTITY[sdk=iphoneos*]" = "iPhone Developer";
				DEVELOPMENT_TEAM = M2W7A5AWJY;
				FRAMEWORK_SEARCH_PATHS = (
					"$(inherited)",
					"$(PROJECT_DIR)",
				);
				INFOPLIST_FILE = "$(SRCROOT)/BelarusNews/Info.plist";
				IPHONEOS_DEPLOYMENT_TARGET = 8.0;
				LD_RUNPATH_SEARCH_PATHS = "$(inherited) @executable_path/Frameworks";
				PRODUCT_BUNDLE_IDENTIFIER = com.drobov.news;
				PRODUCT_NAME = "$(TARGET_NAME)";
				PROVISIONING_PROFILE = "5c0ccce3-5a65-4396-98c8-300bae6fe54f";
				PROVISIONING_PROFILE_SPECIFIER = BelarusNewsDev;
				TARGETED_DEVICE_FAMILY = 1;
			};
			name = Debug;
		};
		1E7329211D7813750027E46E /* Release */ = {
			isa = XCBuildConfiguration;
			baseConfigurationReference = E7A01196E7BF962BC35997F6 /* Pods-BelarusNews.release.xcconfig */;
			buildSettings = {
				ASSETCATALOG_COMPILER_APPICON_NAME = AppIcon;
				"CODE_SIGN_IDENTITY[sdk=iphoneos*]" = "iPhone Distribution";
				DEVELOPMENT_TEAM = M2W7A5AWJY;
				FRAMEWORK_SEARCH_PATHS = (
					"$(inherited)",
					"$(PROJECT_DIR)",
				);
				INFOPLIST_FILE = "$(SRCROOT)/BelarusNews/Info.plist";
				IPHONEOS_DEPLOYMENT_TARGET = 8.0;
				LD_RUNPATH_SEARCH_PATHS = "$(inherited) @executable_path/Frameworks";
				PRODUCT_BUNDLE_IDENTIFIER = com.drobov.news;
				PRODUCT_NAME = "$(TARGET_NAME)";
				PROVISIONING_PROFILE = "d29c2f04-d54e-4b6d-905d-eefe3f5aa1e4";
				PROVISIONING_PROFILE_SPECIFIER = "BelarusNewsProd(2)";
				TARGETED_DEVICE_FAMILY = 1;
			};
			name = Release;
		};
		1E7329231D7813750027E46E /* Debug */ = {
			isa = XCBuildConfiguration;
			buildSettings = {
				BUNDLE_LOADER = "$(TEST_HOST)";
				INFOPLIST_FILE = KinopoiskParserObjTests/Info.plist;
				LD_RUNPATH_SEARCH_PATHS = "$(inherited) @executable_path/Frameworks @loader_path/Frameworks";
				PRODUCT_BUNDLE_IDENTIFIER = com.Cogniteq.KinopoiskParserObjTests;
				PRODUCT_NAME = "$(TARGET_NAME)";
				TEST_HOST = "$(BUILT_PRODUCTS_DIR)/BelarusNews.app/BelarusNews";
			};
			name = Debug;
		};
		1E7329241D7813750027E46E /* Release */ = {
			isa = XCBuildConfiguration;
			buildSettings = {
				BUNDLE_LOADER = "$(TEST_HOST)";
				INFOPLIST_FILE = KinopoiskParserObjTests/Info.plist;
				LD_RUNPATH_SEARCH_PATHS = "$(inherited) @executable_path/Frameworks @loader_path/Frameworks";
				PRODUCT_BUNDLE_IDENTIFIER = com.Cogniteq.KinopoiskParserObjTests;
				PRODUCT_NAME = "$(TARGET_NAME)";
				TEST_HOST = "$(BUILT_PRODUCTS_DIR)/BelarusNews.app/BelarusNews";
			};
			name = Release;
		};
		1E7329261D7813750027E46E /* Debug */ = {
			isa = XCBuildConfiguration;
			buildSettings = {
				INFOPLIST_FILE = KinopoiskParserObjUITests/Info.plist;
				LD_RUNPATH_SEARCH_PATHS = "$(inherited) @executable_path/Frameworks @loader_path/Frameworks";
				PRODUCT_BUNDLE_IDENTIFIER = com.Cogniteq.KinopoiskParserObjUITests;
				PRODUCT_NAME = "$(TARGET_NAME)";
				TEST_TARGET_NAME = KinopoiskParserObj;
				USES_XCTRUNNER = YES;
			};
			name = Debug;
		};
		1E7329271D7813750027E46E /* Release */ = {
			isa = XCBuildConfiguration;
			buildSettings = {
				INFOPLIST_FILE = KinopoiskParserObjUITests/Info.plist;
				LD_RUNPATH_SEARCH_PATHS = "$(inherited) @executable_path/Frameworks @loader_path/Frameworks";
				PRODUCT_BUNDLE_IDENTIFIER = com.Cogniteq.KinopoiskParserObjUITests;
				PRODUCT_NAME = "$(TARGET_NAME)";
				TEST_TARGET_NAME = KinopoiskParserObj;
				USES_XCTRUNNER = YES;
			};
			name = Release;
		};
/* End XCBuildConfiguration section */

/* Begin XCConfigurationList section */
		1E7328EA1D7813740027E46E /* Build configuration list for PBXProject "BelarusNews" */ = {
			isa = XCConfigurationList;
			buildConfigurations = (
				1E73291D1D7813750027E46E /* Debug */,
				1E73291E1D7813750027E46E /* Release */,
			);
			defaultConfigurationIsVisible = 0;
			defaultConfigurationName = Release;
		};
		1E73291F1D7813750027E46E /* Build configuration list for PBXNativeTarget "BelarusNews" */ = {
			isa = XCConfigurationList;
			buildConfigurations = (
				1E7329201D7813750027E46E /* Debug */,
				1E7329211D7813750027E46E /* Release */,
			);
			defaultConfigurationIsVisible = 0;
			defaultConfigurationName = Release;
		};
		1E7329221D7813750027E46E /* Build configuration list for PBXNativeTarget "BelarusNewsTests" */ = {
			isa = XCConfigurationList;
			buildConfigurations = (
				1E7329231D7813750027E46E /* Debug */,
				1E7329241D7813750027E46E /* Release */,
			);
			defaultConfigurationIsVisible = 0;
			defaultConfigurationName = Release;
		};
		1E7329251D7813750027E46E /* Build configuration list for PBXNativeTarget "BelarusNewsUITests" */ = {
			isa = XCConfigurationList;
			buildConfigurations = (
				1E7329261D7813750027E46E /* Debug */,
				1E7329271D7813750027E46E /* Release */,
			);
			defaultConfigurationIsVisible = 0;
			defaultConfigurationName = Release;
		};
/* End XCConfigurationList section */
	};
	rootObject = 1E7328E71D7813740027E46E /* Project object */;
}
